// !$*UTF8*$!
{
	archiveVersion = 1;
	classes = {
	};
	objectVersion = 55;
	objects = {

/* Begin PBXBuildFile section */
		AF46E55D1A64B13C449FCA02 /* Pods_MyChatApp.framework in Frameworks */ = {isa = PBXBuildFile; fileRef = 49EA9AD5FCF9610F156CCAED /* Pods_MyChatApp.framework */; };
		E241643128217BB800072B0D /* LogoAnimatableViewController.swift in Sources */ = {isa = PBXBuildFile; fileRef = E241643028217BB800072B0D /* LogoAnimatableViewController.swift */; };
		E24164332821A86D00072B0D /* MyCustomTransition.swift in Sources */ = {isa = PBXBuildFile; fileRef = E24164322821A86D00072B0D /* MyCustomTransition.swift */; };
		E24164362823096A00072B0D /* UIScreen+isLargeScreenDevice.swift in Sources */ = {isa = PBXBuildFile; fileRef = E24164352823096A00072B0D /* UIScreen+isLargeScreenDevice.swift */; };
		E241643828244A3200072B0D /* NetworkService.swift in Sources */ = {isa = PBXBuildFile; fileRef = E241643728244A3200072B0D /* NetworkService.swift */; };
		E2561C7427CE62B600EBD365 /* ConversationsListViewController.swift in Sources */ = {isa = PBXBuildFile; fileRef = E2561C7327CE62B600EBD365 /* ConversationsListViewController.swift */; };
		E2561C7B27D5EA5F00EBD365 /* ConversationTableViewCell.swift in Sources */ = {isa = PBXBuildFile; fileRef = E2561C7927D5EA5F00EBD365 /* ConversationTableViewCell.swift */; };
		E2561C7C27D5EA6000EBD365 /* ConversationTableViewCell.xib in Resources */ = {isa = PBXBuildFile; fileRef = E2561C7A27D5EA5F00EBD365 /* ConversationTableViewCell.xib */; };
		E2561C8027D5FE8600EBD365 /* Date+Extensions.swift in Sources */ = {isa = PBXBuildFile; fileRef = E2561C7F27D5FE8600EBD365 /* Date+Extensions.swift */; };
		E2561C8B27D63D0D00EBD365 /* ConversationViewController.swift in Sources */ = {isa = PBXBuildFile; fileRef = E2561C8A27D63D0D00EBD365 /* ConversationViewController.swift */; };
		E25CF52A28089119002D166F /* GoogleService-Info.plist in Resources */ = {isa = PBXBuildFile; fileRef = E25CF52928089118002D166F /* GoogleService-Info.plist */; };
		E25CF52C28089B33002D166F /* DebugOptions.swift in Sources */ = {isa = PBXBuildFile; fileRef = E25CF52B28089B33002D166F /* DebugOptions.swift */; };
		E25CF52F28089E43002D166F /* DataBaseService.swift in Sources */ = {isa = PBXBuildFile; fileRef = E25CF52E28089E43002D166F /* DataBaseService.swift */; };
		E25CF53228089EDC002D166F /* CoreDataStack.swift in Sources */ = {isa = PBXBuildFile; fileRef = E25CF53128089EDC002D166F /* CoreDataStack.swift */; };
		E25CF53428089FD4002D166F /* NewCoreDataStack.swift in Sources */ = {isa = PBXBuildFile; fileRef = E25CF53328089FD4002D166F /* NewCoreDataStack.swift */; };
		E25CF537280B4436002D166F /* Assembly.swift in Sources */ = {isa = PBXBuildFile; fileRef = E25CF536280B4436002D166F /* Assembly.swift */; };
		E25CF53A280B44C3002D166F /* Router.swift in Sources */ = {isa = PBXBuildFile; fileRef = E25CF539280B44C3002D166F /* Router.swift */; };
		E25CF53C280B4851002D166F /* ConversationListPresenter.swift in Sources */ = {isa = PBXBuildFile; fileRef = E25CF53B280B4851002D166F /* ConversationListPresenter.swift */; };
		E25CF53E280BF293002D166F /* ConversationPresenter.swift in Sources */ = {isa = PBXBuildFile; fileRef = E25CF53D280BF293002D166F /* ConversationPresenter.swift */; };
		E25CF54C280C22DD002D166F /* MyProfileView.swift in Sources */ = {isa = PBXBuildFile; fileRef = E25CF54B280C22DD002D166F /* MyProfileView.swift */; };
		E25CF54F280C3986002D166F /* IAssembly.swift in Sources */ = {isa = PBXBuildFile; fileRef = E25CF54E280C3986002D166F /* IAssembly.swift */; };
		E25CF551280C39B8002D166F /* IRouter.swift in Sources */ = {isa = PBXBuildFile; fileRef = E25CF550280C39B8002D166F /* IRouter.swift */; };
		E25CF553280C39E6002D166F /* IThemeService.swift in Sources */ = {isa = PBXBuildFile; fileRef = E25CF552280C39E6002D166F /* IThemeService.swift */; };
		E25CF555280C3A28002D166F /* IImageService.swift in Sources */ = {isa = PBXBuildFile; fileRef = E25CF554280C3A28002D166F /* IImageService.swift */; };
		E25CF557280C3A4E002D166F /* FirestoreService.swift in Sources */ = {isa = PBXBuildFile; fileRef = E25CF556280C3A4E002D166F /* FirestoreService.swift */; };
		E25CF559280C3A93002D166F /* IDataBaseService.swift in Sources */ = {isa = PBXBuildFile; fileRef = E25CF558280C3A93002D166F /* IDataBaseService.swift */; };
		E25CF55B280C3ADD002D166F /* IConversationListPresenter+IConversationListView.swift in Sources */ = {isa = PBXBuildFile; fileRef = E25CF55A280C3ADD002D166F /* IConversationListPresenter+IConversationListView.swift */; };
		E25CF55D280C3B51002D166F /* IConversationPresenter+IConversationView.swift in Sources */ = {isa = PBXBuildFile; fileRef = E25CF55C280C3B51002D166F /* IConversationPresenter+IConversationView.swift */; };
		E25CF5612811CEE8002D166F /* BaseChatViewController.swift in Sources */ = {isa = PBXBuildFile; fileRef = E25CF5602811CEE8002D166F /* BaseChatViewController.swift */; };
		E25CF56428186779002D166F /* IProfilePresenter+IProfileView.swift in Sources */ = {isa = PBXBuildFile; fileRef = E25CF56328186779002D166F /* IProfilePresenter+IProfileView.swift */; };
		E25CF56628186AD5002D166F /* ProfilePresenter.swift in Sources */ = {isa = PBXBuildFile; fileRef = E25CF56528186AD5002D166F /* ProfilePresenter.swift */; };
		E25CF56928187EB8002D166F /* NetworkPickerViewController.swift in Sources */ = {isa = PBXBuildFile; fileRef = E25CF56828187EB8002D166F /* NetworkPickerViewController.swift */; };
		E25CF56E2818808A002D166F /* PhotoImageView.swift in Sources */ = {isa = PBXBuildFile; fileRef = E25CF56D2818808A002D166F /* PhotoImageView.swift */; };
		E25CF5732818877C002D166F /* PhotoCollectionViewCell.swift in Sources */ = {isa = PBXBuildFile; fileRef = E25CF5712818877C002D166F /* PhotoCollectionViewCell.swift */; };
		E25CF5742818877C002D166F /* PhotoCollectionViewCell.xib in Resources */ = {isa = PBXBuildFile; fileRef = E25CF5722818877C002D166F /* PhotoCollectionViewCell.xib */; };
		E25CF5782819902B002D166F /* INetworkPickerPresenter+INetworkPickerView.swift in Sources */ = {isa = PBXBuildFile; fileRef = E25CF5772819902B002D166F /* INetworkPickerPresenter+INetworkPickerView.swift */; };
		E25CF57B28199144002D166F /* INetworkService.swift in Sources */ = {isa = PBXBuildFile; fileRef = E25CF57A28199144002D166F /* INetworkService.swift */; };
		E25CF57E281994C7002D166F /* PhotoFetcher.swift in Sources */ = {isa = PBXBuildFile; fileRef = E25CF57D281994C7002D166F /* PhotoFetcher.swift */; };
		E25CF5832819C292002D166F /* CustomError.swift in Sources */ = {isa = PBXBuildFile; fileRef = E25CF5822819C292002D166F /* CustomError.swift */; };
		E25CF5862819C3EC002D166F /* PhotoResponse.swift in Sources */ = {isa = PBXBuildFile; fileRef = E25CF5852819C3EC002D166F /* PhotoResponse.swift */; };
		E25CF5882819C6B7002D166F /* NetworkPickerPresenter.swift in Sources */ = {isa = PBXBuildFile; fileRef = E25CF5872819C6B7002D166F /* NetworkPickerPresenter.swift */; };
		E25D36AE27D644D900E6A746 /* Message.swift in Sources */ = {isa = PBXBuildFile; fileRef = E25D36AD27D644D900E6A746 /* Message.swift */; };
		E25D36B527D67B3900E6A746 /* MessageTableViewCell.swift in Sources */ = {isa = PBXBuildFile; fileRef = E25D36B327D67B3900E6A746 /* MessageTableViewCell.swift */; };
		E25D36B627D67B3900E6A746 /* MessageTableViewCell.xib in Resources */ = {isa = PBXBuildFile; fileRef = E25D36B427D67B3900E6A746 /* MessageTableViewCell.xib */; };
		E25D371227DB7C3400E6A746 /* Array+Subscript.swift in Sources */ = {isa = PBXBuildFile; fileRef = E25D371127DB7C3400E6A746 /* Array+Subscript.swift */; };
		E25D371527DBBCDB00E6A746 /* ThemesViewController.swift in Sources */ = {isa = PBXBuildFile; fileRef = E25D371427DBBCDB00E6A746 /* ThemesViewController.swift */; };
		E25D371727DCBF0700E6A746 /* CustomThemeView.swift in Sources */ = {isa = PBXBuildFile; fileRef = E25D371627DCBF0700E6A746 /* CustomThemeView.swift */; };
		E25D371927DCBF5F00E6A746 /* CustomThemeView.xib in Resources */ = {isa = PBXBuildFile; fileRef = E25D371827DCBF5E00E6A746 /* CustomThemeView.xib */; };
		E25D371C27DCC00500E6A746 /* Themes.xcassets in Resources */ = {isa = PBXBuildFile; fileRef = E25D371B27DCC00500E6A746 /* Themes.xcassets */; };
		E25D372427DCD50E00E6A746 /* ITheme.swift in Sources */ = {isa = PBXBuildFile; fileRef = E25D372327DCD50E00E6A746 /* ITheme.swift */; };
		E25D372627DCD70300E6A746 /* ClassicTheme.swift in Sources */ = {isa = PBXBuildFile; fileRef = E25D372527DCD70300E6A746 /* ClassicTheme.swift */; };
		E25D372827DCD71000E6A746 /* DayTheme.swift in Sources */ = {isa = PBXBuildFile; fileRef = E25D372727DCD71000E6A746 /* DayTheme.swift */; };
		E25D372A27DCD71C00E6A746 /* NightTheme.swift in Sources */ = {isa = PBXBuildFile; fileRef = E25D372927DCD71C00E6A746 /* NightTheme.swift */; };
		E25D372C27DCDE0500E6A746 /* ThemePicker.swift in Sources */ = {isa = PBXBuildFile; fileRef = E25D372B27DCDE0400E6A746 /* ThemePicker.swift */; };
		E25D373127DE2BA700E6A746 /* UIWindow+reload.swift in Sources */ = {isa = PBXBuildFile; fileRef = E25D373027DE2BA700E6A746 /* UIWindow+reload.swift */; };
		E25D373327DF585C00E6A746 /* CustomNavigationController.swift in Sources */ = {isa = PBXBuildFile; fileRef = E25D373227DF585B00E6A746 /* CustomNavigationController.swift */; };
		E25E7A8327F98DCC0039144D /* MyChatApp.xcdatamodeld in Sources */ = {isa = PBXBuildFile; fileRef = E25E7A8127F98DCC0039144D /* MyChatApp.xcdatamodeld */; };
		E25E7A8527F9A49A0039144D /* OldCoreDataManager.swift in Sources */ = {isa = PBXBuildFile; fileRef = E25E7A8427F9A49A0039144D /* OldCoreDataManager.swift */; };
		E25E7A8727F9A4A80039144D /* NewCoreDataManager.swift in Sources */ = {isa = PBXBuildFile; fileRef = E25E7A8627F9A4A80039144D /* NewCoreDataManager.swift */; };
		E25E7A8C27F9E7670039144D /* NSManagedObject+init.swift in Sources */ = {isa = PBXBuildFile; fileRef = E25E7A8B27F9E7670039144D /* NSManagedObject+init.swift */; };
		E25E7A8E27FB848B0039144D /* CoreDataManager.swift in Sources */ = {isa = PBXBuildFile; fileRef = E25E7A8D27FB848B0039144D /* CoreDataManager.swift */; };
		E25E7A9127FE16B70039144D /* FirestoreManager.swift in Sources */ = {isa = PBXBuildFile; fileRef = E25E7A9027FE16B70039144D /* FirestoreManager.swift */; };
		E25E7A9327FF6F470039144D /* CustomInputView.swift in Sources */ = {isa = PBXBuildFile; fileRef = E25E7A9227FF6F460039144D /* CustomInputView.swift */; };
		E28DE38027E5FEB9009D9300 /* ImageService.swift in Sources */ = {isa = PBXBuildFile; fileRef = E28DE37F27E5FEB9009D9300 /* ImageService.swift */; };
		E28DE38227E64236009D9300 /* DataService.swift in Sources */ = {isa = PBXBuildFile; fileRef = E28DE38127E64236009D9300 /* DataService.swift */; };
		E28DE38427E642AB009D9300 /* DataManagerGCD.swift in Sources */ = {isa = PBXBuildFile; fileRef = E28DE38327E642AB009D9300 /* DataManagerGCD.swift */; };
		E28DE38827E644E3009D9300 /* User.swift in Sources */ = {isa = PBXBuildFile; fileRef = E28DE38727E644E3009D9300 /* User.swift */; };
		E28DE38B27E76CB3009D9300 /* ProfileVCStyleSheet.swift in Sources */ = {isa = PBXBuildFile; fileRef = E28DE38A27E76CB3009D9300 /* ProfileVCStyleSheet.swift */; };
		E28DE38F27E793FD009D9300 /* WriteToFileOperation.swift in Sources */ = {isa = PBXBuildFile; fileRef = E28DE38E27E793FD009D9300 /* WriteToFileOperation.swift */; };
		E28DE39127E795F1009D9300 /* ReadFromFileOperation.swift in Sources */ = {isa = PBXBuildFile; fileRef = E28DE39027E795F1009D9300 /* ReadFromFileOperation.swift */; };
		E28DE39327E79665009D9300 /* DataManagerOperation.swift in Sources */ = {isa = PBXBuildFile; fileRef = E28DE39227E79665009D9300 /* DataManagerOperation.swift */; };
		E2E7568527EB8C9F0041279A /* ThemeButton.xib in Resources */ = {isa = PBXBuildFile; fileRef = E2E7568427EB8C9F0041279A /* ThemeButton.xib */; };
		E2E7568727EB8D610041279A /* ThemeButton.swift in Sources */ = {isa = PBXBuildFile; fileRef = E2E7568627EB8D610041279A /* ThemeButton.swift */; };
		E2E756BB27EE32D60041279A /* .swiftlint.yml in Resources */ = {isa = PBXBuildFile; fileRef = E2E756BA27EE32D60041279A /* .swiftlint.yml */; };
		E2E756BF27F06C2D0041279A /* Channel.swift in Sources */ = {isa = PBXBuildFile; fileRef = E2E756BE27F06C2D0041279A /* Channel.swift */; };
		FAC70C6B27C61143000417F5 /* AppDelegate.swift in Sources */ = {isa = PBXBuildFile; fileRef = FAC70C6A27C61143000417F5 /* AppDelegate.swift */; };
		FAC70C6F27C61143000417F5 /* ProfileViewController.swift in Sources */ = {isa = PBXBuildFile; fileRef = FAC70C6E27C61143000417F5 /* ProfileViewController.swift */; };
		FAC70C7427C61149000417F5 /* Assets.xcassets in Resources */ = {isa = PBXBuildFile; fileRef = FAC70C7327C61149000417F5 /* Assets.xcassets */; };
		FAC70C7727C61149000417F5 /* LaunchScreen.storyboard in Resources */ = {isa = PBXBuildFile; fileRef = FAC70C7527C61149000417F5 /* LaunchScreen.storyboard */; };
		FAC70C7F27C63E4C000417F5 /* .gitignore in Resources */ = {isa = PBXBuildFile; fileRef = FAC70C7E27C63E4C000417F5 /* .gitignore */; };
/* End PBXBuildFile section */

/* Begin PBXFileReference section */
		2653342538C497B9B081412B /* Pods-MyChatApp.debug.xcconfig */ = {isa = PBXFileReference; includeInIndex = 1; lastKnownFileType = text.xcconfig; name = "Pods-MyChatApp.debug.xcconfig"; path = "Target Support Files/Pods-MyChatApp/Pods-MyChatApp.debug.xcconfig"; sourceTree = "<group>"; };
		49EA9AD5FCF9610F156CCAED /* Pods_MyChatApp.framework */ = {isa = PBXFileReference; explicitFileType = wrapper.framework; includeInIndex = 0; path = Pods_MyChatApp.framework; sourceTree = BUILT_PRODUCTS_DIR; };
		E241643028217BB800072B0D /* LogoAnimatableViewController.swift */ = {isa = PBXFileReference; lastKnownFileType = sourcecode.swift; path = LogoAnimatableViewController.swift; sourceTree = "<group>"; };
		E24164322821A86D00072B0D /* MyCustomTransition.swift */ = {isa = PBXFileReference; lastKnownFileType = sourcecode.swift; path = MyCustomTransition.swift; sourceTree = "<group>"; };
		E24164352823096A00072B0D /* UIScreen+isLargeScreenDevice.swift */ = {isa = PBXFileReference; lastKnownFileType = sourcecode.swift; path = "UIScreen+isLargeScreenDevice.swift"; sourceTree = "<group>"; };
		E241643728244A3200072B0D /* NetworkService.swift */ = {isa = PBXFileReference; lastKnownFileType = sourcecode.swift; path = NetworkService.swift; sourceTree = "<group>"; };
		E2561C7327CE62B600EBD365 /* ConversationsListViewController.swift */ = {isa = PBXFileReference; lastKnownFileType = sourcecode.swift; path = ConversationsListViewController.swift; sourceTree = "<group>"; };
		E2561C7927D5EA5F00EBD365 /* ConversationTableViewCell.swift */ = {isa = PBXFileReference; lastKnownFileType = sourcecode.swift; path = ConversationTableViewCell.swift; sourceTree = "<group>"; };
		E2561C7A27D5EA5F00EBD365 /* ConversationTableViewCell.xib */ = {isa = PBXFileReference; lastKnownFileType = file.xib; path = ConversationTableViewCell.xib; sourceTree = "<group>"; };
		E2561C7F27D5FE8600EBD365 /* Date+Extensions.swift */ = {isa = PBXFileReference; lastKnownFileType = sourcecode.swift; path = "Date+Extensions.swift"; sourceTree = "<group>"; };
		E2561C8A27D63D0D00EBD365 /* ConversationViewController.swift */ = {isa = PBXFileReference; lastKnownFileType = sourcecode.swift; path = ConversationViewController.swift; sourceTree = "<group>"; };
		E25CF52928089118002D166F /* GoogleService-Info.plist */ = {isa = PBXFileReference; fileEncoding = 4; lastKnownFileType = text.plist.xml; path = "GoogleService-Info.plist"; sourceTree = "<group>"; };
		E25CF52B28089B33002D166F /* DebugOptions.swift */ = {isa = PBXFileReference; lastKnownFileType = sourcecode.swift; path = DebugOptions.swift; sourceTree = "<group>"; };
		E25CF52E28089E43002D166F /* DataBaseService.swift */ = {isa = PBXFileReference; lastKnownFileType = sourcecode.swift; path = DataBaseService.swift; sourceTree = "<group>"; };
		E25CF53128089EDC002D166F /* CoreDataStack.swift */ = {isa = PBXFileReference; lastKnownFileType = sourcecode.swift; path = CoreDataStack.swift; sourceTree = "<group>"; };
		E25CF53328089FD4002D166F /* NewCoreDataStack.swift */ = {isa = PBXFileReference; lastKnownFileType = sourcecode.swift; path = NewCoreDataStack.swift; sourceTree = "<group>"; };
		E25CF536280B4436002D166F /* Assembly.swift */ = {isa = PBXFileReference; lastKnownFileType = sourcecode.swift; path = Assembly.swift; sourceTree = "<group>"; };
		E25CF539280B44C3002D166F /* Router.swift */ = {isa = PBXFileReference; lastKnownFileType = sourcecode.swift; path = Router.swift; sourceTree = "<group>"; };
		E25CF53B280B4851002D166F /* ConversationListPresenter.swift */ = {isa = PBXFileReference; lastKnownFileType = sourcecode.swift; path = ConversationListPresenter.swift; sourceTree = "<group>"; };
		E25CF53D280BF293002D166F /* ConversationPresenter.swift */ = {isa = PBXFileReference; lastKnownFileType = sourcecode.swift; path = ConversationPresenter.swift; sourceTree = "<group>"; };
		E25CF54B280C22DD002D166F /* MyProfileView.swift */ = {isa = PBXFileReference; lastKnownFileType = sourcecode.swift; path = MyProfileView.swift; sourceTree = "<group>"; };
		E25CF54E280C3986002D166F /* IAssembly.swift */ = {isa = PBXFileReference; lastKnownFileType = sourcecode.swift; path = IAssembly.swift; sourceTree = "<group>"; };
		E25CF550280C39B8002D166F /* IRouter.swift */ = {isa = PBXFileReference; lastKnownFileType = sourcecode.swift; path = IRouter.swift; sourceTree = "<group>"; };
		E25CF552280C39E6002D166F /* IThemeService.swift */ = {isa = PBXFileReference; lastKnownFileType = sourcecode.swift; path = IThemeService.swift; sourceTree = "<group>"; };
		E25CF554280C3A28002D166F /* IImageService.swift */ = {isa = PBXFileReference; lastKnownFileType = sourcecode.swift; path = IImageService.swift; sourceTree = "<group>"; };
		E25CF556280C3A4E002D166F /* FirestoreService.swift */ = {isa = PBXFileReference; lastKnownFileType = sourcecode.swift; path = FirestoreService.swift; sourceTree = "<group>"; };
		E25CF558280C3A93002D166F /* IDataBaseService.swift */ = {isa = PBXFileReference; lastKnownFileType = sourcecode.swift; path = IDataBaseService.swift; sourceTree = "<group>"; };
		E25CF55A280C3ADD002D166F /* IConversationListPresenter+IConversationListView.swift */ = {isa = PBXFileReference; lastKnownFileType = sourcecode.swift; path = "IConversationListPresenter+IConversationListView.swift"; sourceTree = "<group>"; };
		E25CF55C280C3B51002D166F /* IConversationPresenter+IConversationView.swift */ = {isa = PBXFileReference; lastKnownFileType = sourcecode.swift; path = "IConversationPresenter+IConversationView.swift"; sourceTree = "<group>"; };
		E25CF5602811CEE8002D166F /* BaseChatViewController.swift */ = {isa = PBXFileReference; lastKnownFileType = sourcecode.swift; path = BaseChatViewController.swift; sourceTree = "<group>"; };
		E25CF56328186779002D166F /* IProfilePresenter+IProfileView.swift */ = {isa = PBXFileReference; lastKnownFileType = sourcecode.swift; path = "IProfilePresenter+IProfileView.swift"; sourceTree = "<group>"; };
		E25CF56528186AD5002D166F /* ProfilePresenter.swift */ = {isa = PBXFileReference; lastKnownFileType = sourcecode.swift; path = ProfilePresenter.swift; sourceTree = "<group>"; };
		E25CF56828187EB8002D166F /* NetworkPickerViewController.swift */ = {isa = PBXFileReference; lastKnownFileType = sourcecode.swift; path = NetworkPickerViewController.swift; sourceTree = "<group>"; };
		E25CF56D2818808A002D166F /* PhotoImageView.swift */ = {isa = PBXFileReference; lastKnownFileType = sourcecode.swift; path = PhotoImageView.swift; sourceTree = "<group>"; };
		E25CF5712818877C002D166F /* PhotoCollectionViewCell.swift */ = {isa = PBXFileReference; lastKnownFileType = sourcecode.swift; path = PhotoCollectionViewCell.swift; sourceTree = "<group>"; };
		E25CF5722818877C002D166F /* PhotoCollectionViewCell.xib */ = {isa = PBXFileReference; lastKnownFileType = file.xib; path = PhotoCollectionViewCell.xib; sourceTree = "<group>"; };
		E25CF5772819902B002D166F /* INetworkPickerPresenter+INetworkPickerView.swift */ = {isa = PBXFileReference; lastKnownFileType = sourcecode.swift; path = "INetworkPickerPresenter+INetworkPickerView.swift"; sourceTree = "<group>"; };
		E25CF57A28199144002D166F /* INetworkService.swift */ = {isa = PBXFileReference; lastKnownFileType = sourcecode.swift; path = INetworkService.swift; sourceTree = "<group>"; };
		E25CF57D281994C7002D166F /* PhotoFetcher.swift */ = {isa = PBXFileReference; lastKnownFileType = sourcecode.swift; path = PhotoFetcher.swift; sourceTree = "<group>"; };
		E25CF5822819C292002D166F /* CustomError.swift */ = {isa = PBXFileReference; lastKnownFileType = sourcecode.swift; path = CustomError.swift; sourceTree = "<group>"; };
		E25CF5852819C3EC002D166F /* PhotoResponse.swift */ = {isa = PBXFileReference; lastKnownFileType = sourcecode.swift; path = PhotoResponse.swift; sourceTree = "<group>"; };
		E25CF5872819C6B7002D166F /* NetworkPickerPresenter.swift */ = {isa = PBXFileReference; lastKnownFileType = sourcecode.swift; path = NetworkPickerPresenter.swift; sourceTree = "<group>"; };
		E25D36AD27D644D900E6A746 /* Message.swift */ = {isa = PBXFileReference; lastKnownFileType = sourcecode.swift; path = Message.swift; sourceTree = "<group>"; };
		E25D36B327D67B3900E6A746 /* MessageTableViewCell.swift */ = {isa = PBXFileReference; lastKnownFileType = sourcecode.swift; path = MessageTableViewCell.swift; sourceTree = "<group>"; };
		E25D36B427D67B3900E6A746 /* MessageTableViewCell.xib */ = {isa = PBXFileReference; lastKnownFileType = file.xib; path = MessageTableViewCell.xib; sourceTree = "<group>"; };
		E25D371127DB7C3400E6A746 /* Array+Subscript.swift */ = {isa = PBXFileReference; lastKnownFileType = sourcecode.swift; path = "Array+Subscript.swift"; sourceTree = "<group>"; };
		E25D371427DBBCDB00E6A746 /* ThemesViewController.swift */ = {isa = PBXFileReference; lastKnownFileType = sourcecode.swift; path = ThemesViewController.swift; sourceTree = "<group>"; };
		E25D371627DCBF0700E6A746 /* CustomThemeView.swift */ = {isa = PBXFileReference; lastKnownFileType = sourcecode.swift; path = CustomThemeView.swift; sourceTree = "<group>"; };
		E25D371827DCBF5E00E6A746 /* CustomThemeView.xib */ = {isa = PBXFileReference; lastKnownFileType = file.xib; path = CustomThemeView.xib; sourceTree = "<group>"; };
		E25D371B27DCC00500E6A746 /* Themes.xcassets */ = {isa = PBXFileReference; lastKnownFileType = folder.assetcatalog; path = Themes.xcassets; sourceTree = "<group>"; };
		E25D372327DCD50E00E6A746 /* ITheme.swift */ = {isa = PBXFileReference; lastKnownFileType = sourcecode.swift; path = ITheme.swift; sourceTree = "<group>"; };
		E25D372527DCD70300E6A746 /* ClassicTheme.swift */ = {isa = PBXFileReference; lastKnownFileType = sourcecode.swift; path = ClassicTheme.swift; sourceTree = "<group>"; };
		E25D372727DCD71000E6A746 /* DayTheme.swift */ = {isa = PBXFileReference; lastKnownFileType = sourcecode.swift; path = DayTheme.swift; sourceTree = "<group>"; };
		E25D372927DCD71C00E6A746 /* NightTheme.swift */ = {isa = PBXFileReference; lastKnownFileType = sourcecode.swift; path = NightTheme.swift; sourceTree = "<group>"; };
		E25D372B27DCDE0400E6A746 /* ThemePicker.swift */ = {isa = PBXFileReference; lastKnownFileType = sourcecode.swift; path = ThemePicker.swift; sourceTree = "<group>"; };
		E25D373027DE2BA700E6A746 /* UIWindow+reload.swift */ = {isa = PBXFileReference; lastKnownFileType = sourcecode.swift; path = "UIWindow+reload.swift"; sourceTree = "<group>"; };
		E25D373227DF585B00E6A746 /* CustomNavigationController.swift */ = {isa = PBXFileReference; lastKnownFileType = sourcecode.swift; path = CustomNavigationController.swift; sourceTree = "<group>"; };
		E25E7A8227F98DCC0039144D /* MyChatApp.xcdatamodel */ = {isa = PBXFileReference; lastKnownFileType = wrapper.xcdatamodel; path = MyChatApp.xcdatamodel; sourceTree = "<group>"; };
		E25E7A8427F9A49A0039144D /* OldCoreDataManager.swift */ = {isa = PBXFileReference; lastKnownFileType = sourcecode.swift; path = OldCoreDataManager.swift; sourceTree = "<group>"; };
		E25E7A8627F9A4A80039144D /* NewCoreDataManager.swift */ = {isa = PBXFileReference; lastKnownFileType = sourcecode.swift; path = NewCoreDataManager.swift; sourceTree = "<group>"; };
		E25E7A8B27F9E7670039144D /* NSManagedObject+init.swift */ = {isa = PBXFileReference; lastKnownFileType = sourcecode.swift; path = "NSManagedObject+init.swift"; sourceTree = "<group>"; };
		E25E7A8D27FB848B0039144D /* CoreDataManager.swift */ = {isa = PBXFileReference; lastKnownFileType = sourcecode.swift; path = CoreDataManager.swift; sourceTree = "<group>"; };
		E25E7A9027FE16B70039144D /* FirestoreManager.swift */ = {isa = PBXFileReference; lastKnownFileType = sourcecode.swift; path = FirestoreManager.swift; sourceTree = "<group>"; };
		E25E7A9227FF6F460039144D /* CustomInputView.swift */ = {isa = PBXFileReference; lastKnownFileType = sourcecode.swift; path = CustomInputView.swift; sourceTree = "<group>"; };
		E28DE37F27E5FEB9009D9300 /* ImageService.swift */ = {isa = PBXFileReference; lastKnownFileType = sourcecode.swift; path = ImageService.swift; sourceTree = "<group>"; };
		E28DE38127E64236009D9300 /* DataService.swift */ = {isa = PBXFileReference; lastKnownFileType = sourcecode.swift; path = DataService.swift; sourceTree = "<group>"; };
		E28DE38327E642AB009D9300 /* DataManagerGCD.swift */ = {isa = PBXFileReference; lastKnownFileType = sourcecode.swift; path = DataManagerGCD.swift; sourceTree = "<group>"; };
		E28DE38727E644E3009D9300 /* User.swift */ = {isa = PBXFileReference; lastKnownFileType = sourcecode.swift; path = User.swift; sourceTree = "<group>"; };
		E28DE38A27E76CB3009D9300 /* ProfileVCStyleSheet.swift */ = {isa = PBXFileReference; lastKnownFileType = sourcecode.swift; path = ProfileVCStyleSheet.swift; sourceTree = "<group>"; };
		E28DE38E27E793FD009D9300 /* WriteToFileOperation.swift */ = {isa = PBXFileReference; lastKnownFileType = sourcecode.swift; path = WriteToFileOperation.swift; sourceTree = "<group>"; };
		E28DE39027E795F1009D9300 /* ReadFromFileOperation.swift */ = {isa = PBXFileReference; lastKnownFileType = sourcecode.swift; path = ReadFromFileOperation.swift; sourceTree = "<group>"; };
		E28DE39227E79665009D9300 /* DataManagerOperation.swift */ = {isa = PBXFileReference; lastKnownFileType = sourcecode.swift; path = DataManagerOperation.swift; sourceTree = "<group>"; };
		E2E7568427EB8C9F0041279A /* ThemeButton.xib */ = {isa = PBXFileReference; lastKnownFileType = file.xib; path = ThemeButton.xib; sourceTree = "<group>"; };
		E2E7568627EB8D610041279A /* ThemeButton.swift */ = {isa = PBXFileReference; lastKnownFileType = sourcecode.swift; path = ThemeButton.swift; sourceTree = "<group>"; };
		E2E756BA27EE32D60041279A /* .swiftlint.yml */ = {isa = PBXFileReference; fileEncoding = 4; lastKnownFileType = text.yaml; path = .swiftlint.yml; sourceTree = "<group>"; };
		E2E756BE27F06C2D0041279A /* Channel.swift */ = {isa = PBXFileReference; lastKnownFileType = sourcecode.swift; path = Channel.swift; sourceTree = "<group>"; };
		FAC70C6727C61143000417F5 /* MyChatApp.app */ = {isa = PBXFileReference; explicitFileType = wrapper.application; includeInIndex = 0; path = MyChatApp.app; sourceTree = BUILT_PRODUCTS_DIR; };
		FAC70C6A27C61143000417F5 /* AppDelegate.swift */ = {isa = PBXFileReference; lastKnownFileType = sourcecode.swift; path = AppDelegate.swift; sourceTree = "<group>"; };
		FAC70C6E27C61143000417F5 /* ProfileViewController.swift */ = {isa = PBXFileReference; lastKnownFileType = sourcecode.swift; path = ProfileViewController.swift; sourceTree = "<group>"; };
		FAC70C7327C61149000417F5 /* Assets.xcassets */ = {isa = PBXFileReference; lastKnownFileType = folder.assetcatalog; path = Assets.xcassets; sourceTree = "<group>"; };
		FAC70C7627C61149000417F5 /* Base */ = {isa = PBXFileReference; lastKnownFileType = file.storyboard; name = Base; path = Base.lproj/LaunchScreen.storyboard; sourceTree = "<group>"; };
		FAC70C7827C61149000417F5 /* Info.plist */ = {isa = PBXFileReference; lastKnownFileType = text.plist.xml; path = Info.plist; sourceTree = "<group>"; };
		FAC70C7E27C63E4C000417F5 /* .gitignore */ = {isa = PBXFileReference; lastKnownFileType = text; path = .gitignore; sourceTree = "<group>"; };
		FBAECB639948379A155FEC73 /* Pods-MyChatApp.release.xcconfig */ = {isa = PBXFileReference; includeInIndex = 1; lastKnownFileType = text.xcconfig; name = "Pods-MyChatApp.release.xcconfig"; path = "Target Support Files/Pods-MyChatApp/Pods-MyChatApp.release.xcconfig"; sourceTree = "<group>"; };
/* End PBXFileReference section */

/* Begin PBXFrameworksBuildPhase section */
		FAC70C6427C61143000417F5 /* Frameworks */ = {
			isa = PBXFrameworksBuildPhase;
			buildActionMask = 2147483647;
			files = (
				AF46E55D1A64B13C449FCA02 /* Pods_MyChatApp.framework in Frameworks */,
			);
			runOnlyForDeploymentPostprocessing = 0;
		};
/* End PBXFrameworksBuildPhase section */

/* Begin PBXGroup section */
		71914258AEFADF9A085A81AC /* Frameworks */ = {
			isa = PBXGroup;
			children = (
				49EA9AD5FCF9610F156CCAED /* Pods_MyChatApp.framework */,
			);
			name = Frameworks;
			sourceTree = "<group>";
		};
		B72A16765B45B68918A055C3 /* Pods */ = {
			isa = PBXGroup;
			children = (
				2653342538C497B9B081412B /* Pods-MyChatApp.debug.xcconfig */,
				FBAECB639948379A155FEC73 /* Pods-MyChatApp.release.xcconfig */,
			);
			path = Pods;
			sourceTree = "<group>";
		};
		E2416434282306BC00072B0D /* Themes */ = {
			isa = PBXGroup;
			children = (
				E25D372327DCD50E00E6A746 /* ITheme.swift */,
				E25D372527DCD70300E6A746 /* ClassicTheme.swift */,
				E25D372727DCD71000E6A746 /* DayTheme.swift */,
				E25D372927DCD71C00E6A746 /* NightTheme.swift */,
			);
			path = Themes;
			sourceTree = "<group>";
		};
		E2561C8327D60CDC00EBD365 /* ConversationsListModule */ = {
			isa = PBXGroup;
			children = (
				E25CF544280C08FE002D166F /* View */,
				E25CF545280C090A002D166F /* Presenter */,
			);
			path = ConversationsListModule;
			sourceTree = "<group>";
		};
		E2561C8427D60CEE00EBD365 /* ProfileModule */ = {
			isa = PBXGroup;
			children = (
				E25CF548280C093F002D166F /* View */,
				E25CF562281866A9002D166F /* Presenter */,
			);
			path = ProfileModule;
			sourceTree = "<group>";
		};
		E2561C8527D60CFE00EBD365 /* Cell */ = {
			isa = PBXGroup;
			children = (
				E2561C7927D5EA5F00EBD365 /* ConversationTableViewCell.swift */,
				E2561C7A27D5EA5F00EBD365 /* ConversationTableViewCell.xib */,
			);
			path = Cell;
			sourceTree = "<group>";
		};
		E2561C8627D60D0A00EBD365 /* Extensions */ = {
			isa = PBXGroup;
			children = (
				E25D372F27DE2B8E00E6A746 /* UIKit */,
				E2561C7F27D5FE8600EBD365 /* Date+Extensions.swift */,
				E25D371127DB7C3400E6A746 /* Array+Subscript.swift */,
				E25E7A8B27F9E7670039144D /* NSManagedObject+init.swift */,
			);
			path = Extensions;
			sourceTree = "<group>";
		};
		E2561C8727D60D6200EBD365 /* Models */ = {
			isa = PBXGroup;
			children = (
				E2E756BE27F06C2D0041279A /* Channel.swift */,
				E25D36AD27D644D900E6A746 /* Message.swift */,
				E28DE38727E644E3009D9300 /* User.swift */,
				E25CF5852819C3EC002D166F /* PhotoResponse.swift */,
			);
			path = Models;
			sourceTree = "<group>";
		};
		E2561C8C27D63D1100EBD365 /* ConversationModule */ = {
			isa = PBXGroup;
			children = (
				E25CF546280C0921002D166F /* View */,
				E25CF547280C092C002D166F /* Presenter */,
			);
			path = ConversationModule;
			sourceTree = "<group>";
		};
		E25CF52D28089DFE002D166F /* DataBaseSevice */ = {
			isa = PBXGroup;
			children = (
				E25CF52E28089E43002D166F /* DataBaseService.swift */,
				E25CF558280C3A93002D166F /* IDataBaseService.swift */,
			);
			path = DataBaseSevice;
			sourceTree = "<group>";
		};
		E25CF53028089EBB002D166F /* CoreDataStack */ = {
			isa = PBXGroup;
			children = (
				E25CF53128089EDC002D166F /* CoreDataStack.swift */,
				E25CF53328089FD4002D166F /* NewCoreDataStack.swift */,
			);
			path = CoreDataStack;
			sourceTree = "<group>";
		};
		E25CF535280B441F002D166F /* Assembly */ = {
			isa = PBXGroup;
			children = (
				E25CF536280B4436002D166F /* Assembly.swift */,
				E25CF54E280C3986002D166F /* IAssembly.swift */,
			);
			path = Assembly;
			sourceTree = "<group>";
		};
		E25CF538280B44B4002D166F /* Router */ = {
			isa = PBXGroup;
			children = (
				E25CF539280B44C3002D166F /* Router.swift */,
				E25CF550280C39B8002D166F /* IRouter.swift */,
			);
			path = Router;
			sourceTree = "<group>";
		};
		E25CF53F280C079B002D166F /* PresentationLayer */ = {
			isa = PBXGroup;
			children = (
				E25CF5842819C2AD002D166F /* Common */,
				E25CF535280B441F002D166F /* Assembly */,
				E25CF538280B44B4002D166F /* Router */,
				E2561C8327D60CDC00EBD365 /* ConversationsListModule */,
				E2561C8C27D63D1100EBD365 /* ConversationModule */,
				E2561C8427D60CEE00EBD365 /* ProfileModule */,
				E25CF56728187E7E002D166F /* NetworkPickerModule */,
				E25D371327DBBCA500E6A746 /* SettingsModule */,
				E2561C8727D60D6200EBD365 /* Models */,
			);
			path = PresentationLayer;
			sourceTree = "<group>";
		};
		E25CF540280C07AC002D166F /* ServiceLayer */ = {
			isa = PBXGroup;
			children = (
				E25CF57C281994B0002D166F /* PhotoFetcher */,
				E25CF543280C0871002D166F /* ThemeService */,
				E25CF542280C0865002D166F /* ImageService */,
				E25E7A8F27FDF3C80039144D /* FirestoreService */,
				E28DE38927E70D3F009D9300 /* FileService */,
				E25CF52D28089DFE002D166F /* DataBaseSevice */,
			);
			path = ServiceLayer;
			sourceTree = "<group>";
		};
		E25CF541280C07BD002D166F /* CoreLayer */ = {
			isa = PBXGroup;
			children = (
				E25CF53028089EBB002D166F /* CoreDataStack */,
				E25E7A8827F9A4B00039144D /* CoreDataManager */,
				E25CF579281990DD002D166F /* NetworkService */,
			);
			path = CoreLayer;
			sourceTree = "<group>";
		};
		E25CF542280C0865002D166F /* ImageService */ = {
			isa = PBXGroup;
			children = (
				E28DE37F27E5FEB9009D9300 /* ImageService.swift */,
				E25CF554280C3A28002D166F /* IImageService.swift */,
			);
			path = ImageService;
			sourceTree = "<group>";
		};
		E25CF543280C0871002D166F /* ThemeService */ = {
			isa = PBXGroup;
			children = (
				E25D372B27DCDE0400E6A746 /* ThemePicker.swift */,
				E25CF552280C39E6002D166F /* IThemeService.swift */,
			);
			path = ThemeService;
			sourceTree = "<group>";
		};
		E25CF544280C08FE002D166F /* View */ = {
			isa = PBXGroup;
			children = (
				E2561C8527D60CFE00EBD365 /* Cell */,
				E2561C7327CE62B600EBD365 /* ConversationsListViewController.swift */,
			);
			path = View;
			sourceTree = "<group>";
		};
		E25CF545280C090A002D166F /* Presenter */ = {
			isa = PBXGroup;
			children = (
				E25CF53B280B4851002D166F /* ConversationListPresenter.swift */,
				E25CF55A280C3ADD002D166F /* IConversationListPresenter+IConversationListView.swift */,
			);
			path = Presenter;
			sourceTree = "<group>";
		};
		E25CF546280C0921002D166F /* View */ = {
			isa = PBXGroup;
			children = (
				E25D36AC27D642CE00E6A746 /* Cell */,
				E2561C8A27D63D0D00EBD365 /* ConversationViewController.swift */,
				E25E7A9227FF6F460039144D /* CustomInputView.swift */,
			);
			path = View;
			sourceTree = "<group>";
		};
		E25CF547280C092C002D166F /* Presenter */ = {
			isa = PBXGroup;
			children = (
				E25CF53D280BF293002D166F /* ConversationPresenter.swift */,
				E25CF55C280C3B51002D166F /* IConversationPresenter+IConversationView.swift */,
			);
			path = Presenter;
			sourceTree = "<group>";
		};
		E25CF548280C093F002D166F /* View */ = {
			isa = PBXGroup;
			children = (
				FAC70C6E27C61143000417F5 /* ProfileViewController.swift */,
				E28DE38A27E76CB3009D9300 /* ProfileVCStyleSheet.swift */,
				E25CF54B280C22DD002D166F /* MyProfileView.swift */,
			);
			path = View;
			sourceTree = "<group>";
		};
		E25CF549280C095C002D166F /* View */ = {
			isa = PBXGroup;
			children = (
				E25D371427DBBCDB00E6A746 /* ThemesViewController.swift */,
				E2E756B227EE2F2C0041279A /* CustomViews */,
			);
			path = View;
			sourceTree = "<group>";
		};
		E25CF562281866A9002D166F /* Presenter */ = {
			isa = PBXGroup;
			children = (
				E25CF56528186AD5002D166F /* ProfilePresenter.swift */,
				E25CF56328186779002D166F /* IProfilePresenter+IProfileView.swift */,
			);
			path = Presenter;
			sourceTree = "<group>";
		};
		E25CF56728187E7E002D166F /* NetworkPickerModule */ = {
			isa = PBXGroup;
			children = (
				E25CF57528198F78002D166F /* View */,
				E25CF57628198FFB002D166F /* Presenter */,
			);
			path = NetworkPickerModule;
			sourceTree = "<group>";
		};
		E25CF56A28187F83002D166F /* Cell */ = {
			isa = PBXGroup;
			children = (
				E25CF5712818877C002D166F /* PhotoCollectionViewCell.swift */,
				E25CF5722818877C002D166F /* PhotoCollectionViewCell.xib */,
			);
			path = Cell;
			sourceTree = "<group>";
		};
		E25CF57528198F78002D166F /* View */ = {
			isa = PBXGroup;
			children = (
				E25CF56A28187F83002D166F /* Cell */,
				E25CF56828187EB8002D166F /* NetworkPickerViewController.swift */,
			);
			path = View;
			sourceTree = "<group>";
		};
		E25CF57628198FFB002D166F /* Presenter */ = {
			isa = PBXGroup;
			children = (
				E25CF5772819902B002D166F /* INetworkPickerPresenter+INetworkPickerView.swift */,
				E25CF5872819C6B7002D166F /* NetworkPickerPresenter.swift */,
			);
			path = Presenter;
			sourceTree = "<group>";
		};
		E25CF579281990DD002D166F /* NetworkService */ = {
			isa = PBXGroup;
			children = (
				E25CF57A28199144002D166F /* INetworkService.swift */,
				E241643728244A3200072B0D /* NetworkService.swift */,
			);
			path = NetworkService;
			sourceTree = "<group>";
		};
		E25CF57C281994B0002D166F /* PhotoFetcher */ = {
			isa = PBXGroup;
			children = (
				E25CF57D281994C7002D166F /* PhotoFetcher.swift */,
			);
			path = PhotoFetcher;
			sourceTree = "<group>";
		};
		E25CF5842819C2AD002D166F /* Common */ = {
			isa = PBXGroup;
			children = (
				E2416434282306BC00072B0D /* Themes */,
				E241643028217BB800072B0D /* LogoAnimatableViewController.swift */,
				E25CF5602811CEE8002D166F /* BaseChatViewController.swift */,
				E25D373227DF585B00E6A746 /* CustomNavigationController.swift */,
				E24164322821A86D00072B0D /* MyCustomTransition.swift */,
				E25CF56D2818808A002D166F /* PhotoImageView.swift */,
			);
			path = Common;
			sourceTree = "<group>";
		};
		E25D36AC27D642CE00E6A746 /* Cell */ = {
			isa = PBXGroup;
			children = (
				E25D36B327D67B3900E6A746 /* MessageTableViewCell.swift */,
				E25D36B427D67B3900E6A746 /* MessageTableViewCell.xib */,
			);
			path = Cell;
			sourceTree = "<group>";
		};
		E25D371327DBBCA500E6A746 /* SettingsModule */ = {
			isa = PBXGroup;
			children = (
				E25CF549280C095C002D166F /* View */,
			);
			path = SettingsModule;
			sourceTree = "<group>";
		};
		E25D371A27DCBFE200E6A746 /* Resources */ = {
			isa = PBXGroup;
			children = (
				FAC70C7327C61149000417F5 /* Assets.xcassets */,
				E25D371B27DCC00500E6A746 /* Themes.xcassets */,
			);
			path = Resources;
			sourceTree = "<group>";
		};
		E25D372F27DE2B8E00E6A746 /* UIKit */ = {
			isa = PBXGroup;
			children = (
				E25D373027DE2BA700E6A746 /* UIWindow+reload.swift */,
				E24164352823096A00072B0D /* UIScreen+isLargeScreenDevice.swift */,
			);
			path = UIKit;
			sourceTree = "<group>";
		};
		E25D373427DF5DB300E6A746 /* Helpers */ = {
			isa = PBXGroup;
			children = (
				E25CF52B28089B33002D166F /* DebugOptions.swift */,
				E25CF5822819C292002D166F /* CustomError.swift */,
			);
			path = Helpers;
			sourceTree = "<group>";
		};
		E25E7A8827F9A4B00039144D /* CoreDataManager */ = {
			isa = PBXGroup;
			children = (
				E25E7A8D27FB848B0039144D /* CoreDataManager.swift */,
				E25E7A8627F9A4A80039144D /* NewCoreDataManager.swift */,
				E25E7A8427F9A49A0039144D /* OldCoreDataManager.swift */,
			);
			path = CoreDataManager;
			sourceTree = "<group>";
		};
		E25E7A8F27FDF3C80039144D /* FirestoreService */ = {
			isa = PBXGroup;
			children = (
				E25E7A9027FE16B70039144D /* FirestoreManager.swift */,
				E25CF556280C3A4E002D166F /* FirestoreService.swift */,
			);
			path = FirestoreService;
			sourceTree = "<group>";
		};
		E28DE38927E70D3F009D9300 /* FileService */ = {
			isa = PBXGroup;
			children = (
				E28DE38127E64236009D9300 /* DataService.swift */,
				E28DE38327E642AB009D9300 /* DataManagerGCD.swift */,
				E28DE39227E79665009D9300 /* DataManagerOperation.swift */,
				E28DE38E27E793FD009D9300 /* WriteToFileOperation.swift */,
				E28DE39027E795F1009D9300 /* ReadFromFileOperation.swift */,
			);
			path = FileService;
			sourceTree = "<group>";
		};
		E2E756B227EE2F2C0041279A /* CustomViews */ = {
			isa = PBXGroup;
			children = (
				E25D371627DCBF0700E6A746 /* CustomThemeView.swift */,
				E25D371827DCBF5E00E6A746 /* CustomThemeView.xib */,
				E2E7568627EB8D610041279A /* ThemeButton.swift */,
				E2E7568427EB8C9F0041279A /* ThemeButton.xib */,
			);
			path = CustomViews;
			sourceTree = "<group>";
		};
		FAC70C5E27C61143000417F5 = {
			isa = PBXGroup;
			children = (
				E2E756BA27EE32D60041279A /* .swiftlint.yml */,
				FAC70C7E27C63E4C000417F5 /* .gitignore */,
				FAC70C6927C61143000417F5 /* MyChatApp */,
				FAC70C6827C61143000417F5 /* Products */,
				B72A16765B45B68918A055C3 /* Pods */,
				71914258AEFADF9A085A81AC /* Frameworks */,
			);
			sourceTree = "<group>";
		};
		FAC70C6827C61143000417F5 /* Products */ = {
			isa = PBXGroup;
			children = (
				FAC70C6727C61143000417F5 /* MyChatApp.app */,
			);
			name = Products;
			sourceTree = "<group>";
		};
		FAC70C6927C61143000417F5 /* MyChatApp */ = {
			isa = PBXGroup;
			children = (
				FAC70C6A27C61143000417F5 /* AppDelegate.swift */,
				E25D373427DF5DB300E6A746 /* Helpers */,
				E2561C8627D60D0A00EBD365 /* Extensions */,
				E25CF541280C07BD002D166F /* CoreLayer */,
				E25CF540280C07AC002D166F /* ServiceLayer */,
				E25CF53F280C079B002D166F /* PresentationLayer */,
				E25D371A27DCBFE200E6A746 /* Resources */,
				FAC70C7527C61149000417F5 /* LaunchScreen.storyboard */,
				FAC70C7827C61149000417F5 /* Info.plist */,
				E25CF52928089118002D166F /* GoogleService-Info.plist */,
				E25E7A8127F98DCC0039144D /* MyChatApp.xcdatamodeld */,
			);
			path = MyChatApp;
			sourceTree = "<group>";
		};
/* End PBXGroup section */

/* Begin PBXNativeTarget section */
		FAC70C6627C61143000417F5 /* MyChatApp */ = {
			isa = PBXNativeTarget;
			buildConfigurationList = FAC70C7B27C61149000417F5 /* Build configuration list for PBXNativeTarget "MyChatApp" */;
			buildPhases = (
				A844C5B1C6BC5368FCAE1209 /* [CP] Check Pods Manifest.lock */,
				FAC70C6327C61143000417F5 /* Sources */,
				FAC70C6427C61143000417F5 /* Frameworks */,
				FAC70C6527C61143000417F5 /* Resources */,
				E2E756B727EE324E0041279A /* ShellScript */,
				FC21737A3B308C25D6885A5D /* [CP] Embed Pods Frameworks */,
			);
			buildRules = (
			);
			dependencies = (
			);
			name = MyChatApp;
			productName = MyChatApp;
			productReference = FAC70C6727C61143000417F5 /* MyChatApp.app */;
			productType = "com.apple.product-type.application";
		};
/* End PBXNativeTarget section */

/* Begin PBXProject section */
		FAC70C5F27C61143000417F5 /* Project object */ = {
			isa = PBXProject;
			attributes = {
				BuildIndependentTargetsInParallel = 1;
				LastSwiftUpdateCheck = 1300;
				LastUpgradeCheck = 1300;
				TargetAttributes = {
					FAC70C6627C61143000417F5 = {
						CreatedOnToolsVersion = 13.0;
					};
				};
			};
			buildConfigurationList = FAC70C6227C61143000417F5 /* Build configuration list for PBXProject "MyChatApp" */;
			compatibilityVersion = "Xcode 13.0";
			developmentRegion = en;
			hasScannedForEncodings = 0;
			knownRegions = (
				en,
				Base,
			);
			mainGroup = FAC70C5E27C61143000417F5;
			productRefGroup = FAC70C6827C61143000417F5 /* Products */;
			projectDirPath = "";
			projectRoot = "";
			targets = (
				FAC70C6627C61143000417F5 /* MyChatApp */,
			);
		};
/* End PBXProject section */

/* Begin PBXResourcesBuildPhase section */
		FAC70C6527C61143000417F5 /* Resources */ = {
			isa = PBXResourcesBuildPhase;
			buildActionMask = 2147483647;
			files = (
				E2561C7C27D5EA6000EBD365 /* ConversationTableViewCell.xib in Resources */,
				E25D371927DCBF5F00E6A746 /* CustomThemeView.xib in Resources */,
				FAC70C7F27C63E4C000417F5 /* .gitignore in Resources */,
				E25D36B627D67B3900E6A746 /* MessageTableViewCell.xib in Resources */,
				FAC70C7727C61149000417F5 /* LaunchScreen.storyboard in Resources */,
				E25D371C27DCC00500E6A746 /* Themes.xcassets in Resources */,
				FAC70C7427C61149000417F5 /* Assets.xcassets in Resources */,
				E25CF52A28089119002D166F /* GoogleService-Info.plist in Resources */,
				E2E7568527EB8C9F0041279A /* ThemeButton.xib in Resources */,
				E25CF5742818877C002D166F /* PhotoCollectionViewCell.xib in Resources */,
				E2E756BB27EE32D60041279A /* .swiftlint.yml in Resources */,
			);
			runOnlyForDeploymentPostprocessing = 0;
		};
/* End PBXResourcesBuildPhase section */

/* Begin PBXShellScriptBuildPhase section */
		A844C5B1C6BC5368FCAE1209 /* [CP] Check Pods Manifest.lock */ = {
			isa = PBXShellScriptBuildPhase;
			buildActionMask = 2147483647;
			files = (
			);
			inputFileListPaths = (
			);
			inputPaths = (
				"${PODS_PODFILE_DIR_PATH}/Podfile.lock",
				"${PODS_ROOT}/Manifest.lock",
			);
			name = "[CP] Check Pods Manifest.lock";
			outputFileListPaths = (
			);
			outputPaths = (
				"$(DERIVED_FILE_DIR)/Pods-MyChatApp-checkManifestLockResult.txt",
			);
			runOnlyForDeploymentPostprocessing = 0;
			shellPath = /bin/sh;
			shellScript = "diff \"${PODS_PODFILE_DIR_PATH}/Podfile.lock\" \"${PODS_ROOT}/Manifest.lock\" > /dev/null\nif [ $? != 0 ] ; then\n    # print error to STDERR\n    echo \"error: The sandbox is not in sync with the Podfile.lock. Run 'pod install' or update your CocoaPods installation.\" >&2\n    exit 1\nfi\n# This output is used by Xcode 'outputs' to avoid re-running this script phase.\necho \"SUCCESS\" > \"${SCRIPT_OUTPUT_FILE_0}\"\n";
			showEnvVarsInLog = 0;
		};
		E2E756B727EE324E0041279A /* ShellScript */ = {
			isa = PBXShellScriptBuildPhase;
			buildActionMask = 2147483647;
			files = (
			);
			inputFileListPaths = (
			);
			inputPaths = (
			);
			outputFileListPaths = (
			);
			outputPaths = (
			);
			runOnlyForDeploymentPostprocessing = 0;
			shellPath = /bin/sh;
			shellScript = "\"${PODS_ROOT}/SwiftLint/swiftlint\"\n";
		};
		FC21737A3B308C25D6885A5D /* [CP] Embed Pods Frameworks */ = {
			isa = PBXShellScriptBuildPhase;
			buildActionMask = 2147483647;
			files = (
			);
			inputFileListPaths = (
				"${PODS_ROOT}/Target Support Files/Pods-MyChatApp/Pods-MyChatApp-frameworks-${CONFIGURATION}-input-files.xcfilelist",
			);
			name = "[CP] Embed Pods Frameworks";
			outputFileListPaths = (
				"${PODS_ROOT}/Target Support Files/Pods-MyChatApp/Pods-MyChatApp-frameworks-${CONFIGURATION}-output-files.xcfilelist",
			);
			runOnlyForDeploymentPostprocessing = 0;
			shellPath = /bin/sh;
			shellScript = "\"${PODS_ROOT}/Target Support Files/Pods-MyChatApp/Pods-MyChatApp-frameworks.sh\"\n";
			showEnvVarsInLog = 0;
		};
/* End PBXShellScriptBuildPhase section */

/* Begin PBXSourcesBuildPhase section */
		FAC70C6327C61143000417F5 /* Sources */ = {
			isa = PBXSourcesBuildPhase;
			buildActionMask = 2147483647;
			files = (
				E25CF55D280C3B51002D166F /* IConversationPresenter+IConversationView.swift in Sources */,
				E25CF53A280B44C3002D166F /* Router.swift in Sources */,
				E25D372A27DCD71C00E6A746 /* NightTheme.swift in Sources */,
				E2561C7B27D5EA5F00EBD365 /* ConversationTableViewCell.swift in Sources */,
				E25D371727DCBF0700E6A746 /* CustomThemeView.swift in Sources */,
				E25CF56E2818808A002D166F /* PhotoImageView.swift in Sources */,
				E25E7A8E27FB848B0039144D /* CoreDataManager.swift in Sources */,
				E25D372427DCD50E00E6A746 /* ITheme.swift in Sources */,
				E25CF551280C39B8002D166F /* IRouter.swift in Sources */,
				E25CF5862819C3EC002D166F /* PhotoResponse.swift in Sources */,
				E25E7A8527F9A49A0039144D /* OldCoreDataManager.swift in Sources */,
				E28DE38827E644E3009D9300 /* User.swift in Sources */,
				E24164332821A86D00072B0D /* MyCustomTransition.swift in Sources */,
				E25CF56428186779002D166F /* IProfilePresenter+IProfileView.swift in Sources */,
				E25E7A9127FE16B70039144D /* FirestoreManager.swift in Sources */,
				E25D372827DCD71000E6A746 /* DayTheme.swift in Sources */,
				FAC70C6F27C61143000417F5 /* ProfileViewController.swift in Sources */,
				E25E7A8727F9A4A80039144D /* NewCoreDataManager.swift in Sources */,
				E28DE39327E79665009D9300 /* DataManagerOperation.swift in Sources */,
				E2561C8B27D63D0D00EBD365 /* ConversationViewController.swift in Sources */,
				E25CF56928187EB8002D166F /* NetworkPickerViewController.swift in Sources */,
				E25CF55B280C3ADD002D166F /* IConversationListPresenter+IConversationListView.swift in Sources */,
				E241643828244A3200072B0D /* NetworkService.swift in Sources */,
				E25CF57B28199144002D166F /* INetworkService.swift in Sources */,
				E25E7A9327FF6F470039144D /* CustomInputView.swift in Sources */,
				E28DE38027E5FEB9009D9300 /* ImageService.swift in Sources */,
				E25D36B527D67B3900E6A746 /* MessageTableViewCell.swift in Sources */,
				E25CF52C28089B33002D166F /* DebugOptions.swift in Sources */,
				E28DE38227E64236009D9300 /* DataService.swift in Sources */,
				E25E7A8C27F9E7670039144D /* NSManagedObject+init.swift in Sources */,
				E25CF553280C39E6002D166F /* IThemeService.swift in Sources */,
				E25CF5782819902B002D166F /* INetworkPickerPresenter+INetworkPickerView.swift in Sources */,
				E28DE38B27E76CB3009D9300 /* ProfileVCStyleSheet.swift in Sources */,
				E28DE38427E642AB009D9300 /* DataManagerGCD.swift in Sources */,
				E25CF557280C3A4E002D166F /* FirestoreService.swift in Sources */,
				E25CF53E280BF293002D166F /* ConversationPresenter.swift in Sources */,
				E25CF5612811CEE8002D166F /* BaseChatViewController.swift in Sources */,
				E25CF559280C3A93002D166F /* IDataBaseService.swift in Sources */,
				E28DE38F27E793FD009D9300 /* WriteToFileOperation.swift in Sources */,
				E25CF54C280C22DD002D166F /* MyProfileView.swift in Sources */,
				E25CF56628186AD5002D166F /* ProfilePresenter.swift in Sources */,
				E28DE39127E795F1009D9300 /* ReadFromFileOperation.swift in Sources */,
				E25D371227DB7C3400E6A746 /* Array+Subscript.swift in Sources */,
				E241643128217BB800072B0D /* LogoAnimatableViewController.swift in Sources */,
				E25D373327DF585C00E6A746 /* CustomNavigationController.swift in Sources */,
				E24164362823096A00072B0D /* UIScreen+isLargeScreenDevice.swift in Sources */,
				E25D373127DE2BA700E6A746 /* UIWindow+reload.swift in Sources */,
				E2E7568727EB8D610041279A /* ThemeButton.swift in Sources */,
				E25CF53228089EDC002D166F /* CoreDataStack.swift in Sources */,
				E25CF53428089FD4002D166F /* NewCoreDataStack.swift in Sources */,
				E25CF537280B4436002D166F /* Assembly.swift in Sources */,
				E2E756BF27F06C2D0041279A /* Channel.swift in Sources */,
				E25D36AE27D644D900E6A746 /* Message.swift in Sources */,
				E2561C7427CE62B600EBD365 /* ConversationsListViewController.swift in Sources */,
				E25CF5732818877C002D166F /* PhotoCollectionViewCell.swift in Sources */,
				E25CF555280C3A28002D166F /* IImageService.swift in Sources */,
				E25CF57E281994C7002D166F /* PhotoFetcher.swift in Sources */,
				E25D372627DCD70300E6A746 /* ClassicTheme.swift in Sources */,
				E25CF54F280C3986002D166F /* IAssembly.swift in Sources */,
				E25CF5882819C6B7002D166F /* NetworkPickerPresenter.swift in Sources */,
				E25CF53C280B4851002D166F /* ConversationListPresenter.swift in Sources */,
				E25D371527DBBCDB00E6A746 /* ThemesViewController.swift in Sources */,
				E25D372C27DCDE0500E6A746 /* ThemePicker.swift in Sources */,
				E25CF5832819C292002D166F /* CustomError.swift in Sources */,
				FAC70C6B27C61143000417F5 /* AppDelegate.swift in Sources */,
				E25CF52F28089E43002D166F /* DataBaseService.swift in Sources */,
				E2561C8027D5FE8600EBD365 /* Date+Extensions.swift in Sources */,
				E25E7A8327F98DCC0039144D /* MyChatApp.xcdatamodeld in Sources */,
			);
			runOnlyForDeploymentPostprocessing = 0;
		};
/* End PBXSourcesBuildPhase section */

/* Begin PBXVariantGroup section */
		FAC70C7527C61149000417F5 /* LaunchScreen.storyboard */ = {
			isa = PBXVariantGroup;
			children = (
				FAC70C7627C61149000417F5 /* Base */,
			);
			name = LaunchScreen.storyboard;
			sourceTree = "<group>";
		};
/* End PBXVariantGroup section */

/* Begin XCBuildConfiguration section */
		FAC70C7927C61149000417F5 /* Debug */ = {
			isa = XCBuildConfiguration;
			buildSettings = {
				ALWAYS_SEARCH_USER_PATHS = NO;
				CLANG_ANALYZER_NONNULL = YES;
				CLANG_ANALYZER_NUMBER_OBJECT_CONVERSION = YES_AGGRESSIVE;
				CLANG_CXX_LANGUAGE_STANDARD = "gnu++17";
				CLANG_CXX_LIBRARY = "libc++";
				CLANG_ENABLE_MODULES = YES;
				CLANG_ENABLE_OBJC_ARC = YES;
				CLANG_ENABLE_OBJC_WEAK = YES;
				CLANG_WARN_BLOCK_CAPTURE_AUTORELEASING = YES;
				CLANG_WARN_BOOL_CONVERSION = YES;
				CLANG_WARN_COMMA = YES;
				CLANG_WARN_CONSTANT_CONVERSION = YES;
				CLANG_WARN_DEPRECATED_OBJC_IMPLEMENTATIONS = YES;
				CLANG_WARN_DIRECT_OBJC_ISA_USAGE = YES_ERROR;
				CLANG_WARN_DOCUMENTATION_COMMENTS = YES;
				CLANG_WARN_EMPTY_BODY = YES;
				CLANG_WARN_ENUM_CONVERSION = YES;
				CLANG_WARN_INFINITE_RECURSION = YES;
				CLANG_WARN_INT_CONVERSION = YES;
				CLANG_WARN_NON_LITERAL_NULL_CONVERSION = YES;
				CLANG_WARN_OBJC_IMPLICIT_RETAIN_SELF = YES;
				CLANG_WARN_OBJC_LITERAL_CONVERSION = YES;
				CLANG_WARN_OBJC_ROOT_CLASS = YES_ERROR;
				CLANG_WARN_QUOTED_INCLUDE_IN_FRAMEWORK_HEADER = YES;
				CLANG_WARN_RANGE_LOOP_ANALYSIS = YES;
				CLANG_WARN_STRICT_PROTOTYPES = YES;
				CLANG_WARN_SUSPICIOUS_MOVE = YES;
				CLANG_WARN_UNGUARDED_AVAILABILITY = YES_AGGRESSIVE;
				CLANG_WARN_UNREACHABLE_CODE = YES;
				CLANG_WARN__DUPLICATE_METHOD_MATCH = YES;
				COPY_PHASE_STRIP = NO;
				DEBUG_INFORMATION_FORMAT = dwarf;
				ENABLE_STRICT_OBJC_MSGSEND = YES;
				ENABLE_TESTABILITY = YES;
				GCC_C_LANGUAGE_STANDARD = gnu11;
				GCC_DYNAMIC_NO_PIC = NO;
				GCC_NO_COMMON_BLOCKS = YES;
				GCC_OPTIMIZATION_LEVEL = 0;
				GCC_PREPROCESSOR_DEFINITIONS = (
					"DEBUG=1",
					"$(inherited)",
				);
				GCC_WARN_64_TO_32_BIT_CONVERSION = YES;
				GCC_WARN_ABOUT_RETURN_TYPE = YES_ERROR;
				GCC_WARN_UNDECLARED_SELECTOR = YES;
				GCC_WARN_UNINITIALIZED_AUTOS = YES_AGGRESSIVE;
				GCC_WARN_UNUSED_FUNCTION = YES;
				GCC_WARN_UNUSED_VARIABLE = YES;
				IPHONEOS_DEPLOYMENT_TARGET = 13.0;
				MTL_ENABLE_DEBUG_INFO = INCLUDE_SOURCE;
				MTL_FAST_MATH = YES;
				ONLY_ACTIVE_ARCH = YES;
				SDKROOT = iphoneos;
				SWIFT_ACTIVE_COMPILATION_CONDITIONS = DEBUG;
				SWIFT_OPTIMIZATION_LEVEL = "-Onone";
			};
			name = Debug;
		};
		FAC70C7A27C61149000417F5 /* Release */ = {
			isa = XCBuildConfiguration;
			buildSettings = {
				ALWAYS_SEARCH_USER_PATHS = NO;
				CLANG_ANALYZER_NONNULL = YES;
				CLANG_ANALYZER_NUMBER_OBJECT_CONVERSION = YES_AGGRESSIVE;
				CLANG_CXX_LANGUAGE_STANDARD = "gnu++17";
				CLANG_CXX_LIBRARY = "libc++";
				CLANG_ENABLE_MODULES = YES;
				CLANG_ENABLE_OBJC_ARC = YES;
				CLANG_ENABLE_OBJC_WEAK = YES;
				CLANG_WARN_BLOCK_CAPTURE_AUTORELEASING = YES;
				CLANG_WARN_BOOL_CONVERSION = YES;
				CLANG_WARN_COMMA = YES;
				CLANG_WARN_CONSTANT_CONVERSION = YES;
				CLANG_WARN_DEPRECATED_OBJC_IMPLEMENTATIONS = YES;
				CLANG_WARN_DIRECT_OBJC_ISA_USAGE = YES_ERROR;
				CLANG_WARN_DOCUMENTATION_COMMENTS = YES;
				CLANG_WARN_EMPTY_BODY = YES;
				CLANG_WARN_ENUM_CONVERSION = YES;
				CLANG_WARN_INFINITE_RECURSION = YES;
				CLANG_WARN_INT_CONVERSION = YES;
				CLANG_WARN_NON_LITERAL_NULL_CONVERSION = YES;
				CLANG_WARN_OBJC_IMPLICIT_RETAIN_SELF = YES;
				CLANG_WARN_OBJC_LITERAL_CONVERSION = YES;
				CLANG_WARN_OBJC_ROOT_CLASS = YES_ERROR;
				CLANG_WARN_QUOTED_INCLUDE_IN_FRAMEWORK_HEADER = YES;
				CLANG_WARN_RANGE_LOOP_ANALYSIS = YES;
				CLANG_WARN_STRICT_PROTOTYPES = YES;
				CLANG_WARN_SUSPICIOUS_MOVE = YES;
				CLANG_WARN_UNGUARDED_AVAILABILITY = YES_AGGRESSIVE;
				CLANG_WARN_UNREACHABLE_CODE = YES;
				CLANG_WARN__DUPLICATE_METHOD_MATCH = YES;
				COPY_PHASE_STRIP = NO;
				DEBUG_INFORMATION_FORMAT = "dwarf-with-dsym";
				ENABLE_NS_ASSERTIONS = NO;
				ENABLE_STRICT_OBJC_MSGSEND = YES;
				GCC_C_LANGUAGE_STANDARD = gnu11;
				GCC_NO_COMMON_BLOCKS = YES;
				GCC_WARN_64_TO_32_BIT_CONVERSION = YES;
				GCC_WARN_ABOUT_RETURN_TYPE = YES_ERROR;
				GCC_WARN_UNDECLARED_SELECTOR = YES;
				GCC_WARN_UNINITIALIZED_AUTOS = YES_AGGRESSIVE;
				GCC_WARN_UNUSED_FUNCTION = YES;
				GCC_WARN_UNUSED_VARIABLE = YES;
				IPHONEOS_DEPLOYMENT_TARGET = 13.0;
				MTL_ENABLE_DEBUG_INFO = NO;
				MTL_FAST_MATH = YES;
				SDKROOT = iphoneos;
				SWIFT_COMPILATION_MODE = wholemodule;
				SWIFT_OPTIMIZATION_LEVEL = "-O";
				VALIDATE_PRODUCT = YES;
			};
			name = Release;
		};
		FAC70C7C27C61149000417F5 /* Debug */ = {
			isa = XCBuildConfiguration;
			baseConfigurationReference = 2653342538C497B9B081412B /* Pods-MyChatApp.debug.xcconfig */;
			buildSettings = {
				ASSETCATALOG_COMPILER_APPICON_NAME = AppIcon;
				ASSETCATALOG_COMPILER_GLOBAL_ACCENT_COLOR_NAME = AccentColor;
				CODE_SIGN_STYLE = Automatic;
				CURRENT_PROJECT_VERSION = 1;
				DEVELOPMENT_TEAM = H2N6P9225K;
				GENERATE_INFOPLIST_FILE = YES;
				INFOPLIST_FILE = MyChatApp/Info.plist;
				INFOPLIST_KEY_NSCameraUsageDescription = "Please allow the app to use camera to take your profile photo";
				INFOPLIST_KEY_NSPhotoLibraryAddUsageDescription = "Please allow the app to get your profile photo from the gallery";
				INFOPLIST_KEY_UIApplicationSupportsIndirectInputEvents = YES;
				INFOPLIST_KEY_UILaunchStoryboardName = LaunchScreen;
				INFOPLIST_KEY_UISupportedInterfaceOrientations = UIInterfaceOrientationPortrait;
				INFOPLIST_KEY_UISupportedInterfaceOrientations_iPad = "UIInterfaceOrientationPortrait UIInterfaceOrientationPortraitUpsideDown UIInterfaceOrientationLandscapeLeft UIInterfaceOrientationLandscapeRight";
				INFOPLIST_KEY_UISupportedInterfaceOrientations_iPhone = UIInterfaceOrientationPortrait;
				INFOPLIST_KEY_UIUserInterfaceStyle = Light;
				IPHONEOS_DEPLOYMENT_TARGET = 13.0;
				LD_RUNPATH_SEARCH_PATHS = (
					"$(inherited)",
					"@executable_path/Frameworks",
				);
				MARKETING_VERSION = 1.0;
				PRODUCT_BUNDLE_IDENTIFIER = ru.tinkoff.TinkoffChat;
				PRODUCT_NAME = "$(TARGET_NAME)";
				SWIFT_EMIT_LOC_STRINGS = YES;
				SWIFT_VERSION = 5.0;
				TARGETED_DEVICE_FAMILY = 1;
			};
			name = Debug;
		};
		FAC70C7D27C61149000417F5 /* Release */ = {
			isa = XCBuildConfiguration;
			baseConfigurationReference = FBAECB639948379A155FEC73 /* Pods-MyChatApp.release.xcconfig */;
			buildSettings = {
				ASSETCATALOG_COMPILER_APPICON_NAME = AppIcon;
				ASSETCATALOG_COMPILER_GLOBAL_ACCENT_COLOR_NAME = AccentColor;
				CODE_SIGN_STYLE = Automatic;
				CURRENT_PROJECT_VERSION = 1;
				DEVELOPMENT_TEAM = H2N6P9225K;
				GENERATE_INFOPLIST_FILE = YES;
				INFOPLIST_FILE = MyChatApp/Info.plist;
				INFOPLIST_KEY_NSCameraUsageDescription = "Please allow the app to use camera to take your profile photo";
				INFOPLIST_KEY_NSPhotoLibraryAddUsageDescription = "Please allow the app to get your profile photo from the gallery";
				INFOPLIST_KEY_UIApplicationSupportsIndirectInputEvents = YES;
				INFOPLIST_KEY_UILaunchStoryboardName = LaunchScreen;
				INFOPLIST_KEY_UISupportedInterfaceOrientations = UIInterfaceOrientationPortrait;
				INFOPLIST_KEY_UISupportedInterfaceOrientations_iPad = "UIInterfaceOrientationPortrait UIInterfaceOrientationPortraitUpsideDown UIInterfaceOrientationLandscapeLeft UIInterfaceOrientationLandscapeRight";
				INFOPLIST_KEY_UISupportedInterfaceOrientations_iPhone = UIInterfaceOrientationPortrait;
				INFOPLIST_KEY_UIUserInterfaceStyle = Light;
				IPHONEOS_DEPLOYMENT_TARGET = 13.0;
				LD_RUNPATH_SEARCH_PATHS = (
					"$(inherited)",
					"@executable_path/Frameworks",
				);
				MARKETING_VERSION = 1.0;
				PRODUCT_BUNDLE_IDENTIFIER = ru.tinkoff.TinkoffChat;
				PRODUCT_NAME = "$(TARGET_NAME)";
				SWIFT_EMIT_LOC_STRINGS = YES;
				SWIFT_VERSION = 5.0;
				TARGETED_DEVICE_FAMILY = 1;
			};
			name = Release;
		};
/* End XCBuildConfiguration section */

/* Begin XCConfigurationList section */
		FAC70C6227C61143000417F5 /* Build configuration list for PBXProject "MyChatApp" */ = {
			isa = XCConfigurationList;
			buildConfigurations = (
				FAC70C7927C61149000417F5 /* Debug */,
				FAC70C7A27C61149000417F5 /* Release */,
			);
			defaultConfigurationIsVisible = 0;
			defaultConfigurationName = Release;
		};
		FAC70C7B27C61149000417F5 /* Build configuration list for PBXNativeTarget "MyChatApp" */ = {
			isa = XCConfigurationList;
			buildConfigurations = (
				FAC70C7C27C61149000417F5 /* Debug */,
				FAC70C7D27C61149000417F5 /* Release */,
			);
			defaultConfigurationIsVisible = 0;
			defaultConfigurationName = Release;
		};
/* End XCConfigurationList section */

/* Begin XCVersionGroup section */
		E25E7A8127F98DCC0039144D /* MyChatApp.xcdatamodeld */ = {
			isa = XCVersionGroup;
			children = (
				E25E7A8227F98DCC0039144D /* MyChatApp.xcdatamodel */,
			);
			currentVersion = E25E7A8227F98DCC0039144D /* MyChatApp.xcdatamodel */;
			path = MyChatApp.xcdatamodeld;
			sourceTree = "<group>";
			versionGroupType = wrapper.xcdatamodel;
		};
/* End XCVersionGroup section */
	};
	rootObject = FAC70C5F27C61143000417F5 /* Project object */;
}
