// !$*UTF8*$!
{
	archiveVersion = 1;
	classes = {
	};
	objectVersion = 55;
	objects = {

/* Begin PBXBuildFile section */
		E2561C7427CE62B600EBD365 /* ConversationsListViewController.swift in Sources */ = {isa = PBXBuildFile; fileRef = E2561C7327CE62B600EBD365 /* ConversationsListViewController.swift */; };
		E2561C7B27D5EA5F00EBD365 /* ConversationTableViewCell.swift in Sources */ = {isa = PBXBuildFile; fileRef = E2561C7927D5EA5F00EBD365 /* ConversationTableViewCell.swift */; };
		E2561C7C27D5EA6000EBD365 /* ConversationTableViewCell.xib in Resources */ = {isa = PBXBuildFile; fileRef = E2561C7A27D5EA5F00EBD365 /* ConversationTableViewCell.xib */; };
		E2561C7E27D5EA8F00EBD365 /* ConversationCellConfiguration.swift in Sources */ = {isa = PBXBuildFile; fileRef = E2561C7D27D5EA8F00EBD365 /* ConversationCellConfiguration.swift */; };
		E2561C8027D5FE8600EBD365 /* Date+Extensions.swift in Sources */ = {isa = PBXBuildFile; fileRef = E2561C7F27D5FE8600EBD365 /* Date+Extensions.swift */; };
		E2561C8927D60DA700EBD365 /* Conversation.swift in Sources */ = {isa = PBXBuildFile; fileRef = E2561C8827D60DA700EBD365 /* Conversation.swift */; };
		E2561C8B27D63D0D00EBD365 /* ConversationViewController.swift in Sources */ = {isa = PBXBuildFile; fileRef = E2561C8A27D63D0D00EBD365 /* ConversationViewController.swift */; };
		E25D36AE27D644D900E6A746 /* Message.swift in Sources */ = {isa = PBXBuildFile; fileRef = E25D36AD27D644D900E6A746 /* Message.swift */; };
		E25D36B027D66E0C00E6A746 /* Mock.swift in Sources */ = {isa = PBXBuildFile; fileRef = E25D36AF27D66E0C00E6A746 /* Mock.swift */; };
		E25D36B227D67A4200E6A746 /* MessageCellConfiguration.swift in Sources */ = {isa = PBXBuildFile; fileRef = E25D36B127D67A4200E6A746 /* MessageCellConfiguration.swift */; };
		E25D36B527D67B3900E6A746 /* MessageTableViewCell.swift in Sources */ = {isa = PBXBuildFile; fileRef = E25D36B327D67B3900E6A746 /* MessageTableViewCell.swift */; };
		E25D36B627D67B3900E6A746 /* MessageTableViewCell.xib in Resources */ = {isa = PBXBuildFile; fileRef = E25D36B427D67B3900E6A746 /* MessageTableViewCell.xib */; };
		E25D371227DB7C3400E6A746 /* Array+Subscript.swift in Sources */ = {isa = PBXBuildFile; fileRef = E25D371127DB7C3400E6A746 /* Array+Subscript.swift */; };
		E25D371527DBBCDB00E6A746 /* SettingsViewController.swift in Sources */ = {isa = PBXBuildFile; fileRef = E25D371427DBBCDB00E6A746 /* SettingsViewController.swift */; };
		E25D371727DCBF0700E6A746 /* CustomThemeView.swift in Sources */ = {isa = PBXBuildFile; fileRef = E25D371627DCBF0700E6A746 /* CustomThemeView.swift */; };
		E25D371927DCBF5F00E6A746 /* CustomThemeView.xib in Resources */ = {isa = PBXBuildFile; fileRef = E25D371827DCBF5E00E6A746 /* CustomThemeView.xib */; };
		E25D371C27DCC00500E6A746 /* Themes.xcassets in Resources */ = {isa = PBXBuildFile; fileRef = E25D371B27DCC00500E6A746 /* Themes.xcassets */; };
		E25D372427DCD50E00E6A746 /* ThemeProtocol.swift in Sources */ = {isa = PBXBuildFile; fileRef = E25D372327DCD50E00E6A746 /* ThemeProtocol.swift */; };
		E25D372627DCD70300E6A746 /* ClassicTheme.swift in Sources */ = {isa = PBXBuildFile; fileRef = E25D372527DCD70300E6A746 /* ClassicTheme.swift */; };
		E25D372827DCD71000E6A746 /* DayTheme.swift in Sources */ = {isa = PBXBuildFile; fileRef = E25D372727DCD71000E6A746 /* DayTheme.swift */; };
		E25D372A27DCD71C00E6A746 /* NightTheme.swift in Sources */ = {isa = PBXBuildFile; fileRef = E25D372927DCD71C00E6A746 /* NightTheme.swift */; };
		E25D372C27DCDE0500E6A746 /* ThemePicker.swift in Sources */ = {isa = PBXBuildFile; fileRef = E25D372B27DCDE0400E6A746 /* ThemePicker.swift */; };
		E25D373127DE2BA700E6A746 /* UIWindow+reload.swift in Sources */ = {isa = PBXBuildFile; fileRef = E25D373027DE2BA700E6A746 /* UIWindow+reload.swift */; };
		FAC70C6B27C61143000417F5 /* AppDelegate.swift in Sources */ = {isa = PBXBuildFile; fileRef = FAC70C6A27C61143000417F5 /* AppDelegate.swift */; };
		FAC70C6F27C61143000417F5 /* ProfileViewController.swift in Sources */ = {isa = PBXBuildFile; fileRef = FAC70C6E27C61143000417F5 /* ProfileViewController.swift */; };
		FAC70C7427C61149000417F5 /* Assets.xcassets in Resources */ = {isa = PBXBuildFile; fileRef = FAC70C7327C61149000417F5 /* Assets.xcassets */; };
		FAC70C7727C61149000417F5 /* LaunchScreen.storyboard in Resources */ = {isa = PBXBuildFile; fileRef = FAC70C7527C61149000417F5 /* LaunchScreen.storyboard */; };
		FAC70C7F27C63E4C000417F5 /* .gitignore in Resources */ = {isa = PBXBuildFile; fileRef = FAC70C7E27C63E4C000417F5 /* .gitignore */; };
/* End PBXBuildFile section */

/* Begin PBXFileReference section */
		E2561C7327CE62B600EBD365 /* ConversationsListViewController.swift */ = {isa = PBXFileReference; lastKnownFileType = sourcecode.swift; path = ConversationsListViewController.swift; sourceTree = "<group>"; };
		E2561C7927D5EA5F00EBD365 /* ConversationTableViewCell.swift */ = {isa = PBXFileReference; lastKnownFileType = sourcecode.swift; path = ConversationTableViewCell.swift; sourceTree = "<group>"; };
		E2561C7A27D5EA5F00EBD365 /* ConversationTableViewCell.xib */ = {isa = PBXFileReference; lastKnownFileType = file.xib; path = ConversationTableViewCell.xib; sourceTree = "<group>"; };
		E2561C7D27D5EA8F00EBD365 /* ConversationCellConfiguration.swift */ = {isa = PBXFileReference; lastKnownFileType = sourcecode.swift; path = ConversationCellConfiguration.swift; sourceTree = "<group>"; };
		E2561C7F27D5FE8600EBD365 /* Date+Extensions.swift */ = {isa = PBXFileReference; lastKnownFileType = sourcecode.swift; path = "Date+Extensions.swift"; sourceTree = "<group>"; };
		E2561C8827D60DA700EBD365 /* Conversation.swift */ = {isa = PBXFileReference; lastKnownFileType = sourcecode.swift; path = Conversation.swift; sourceTree = "<group>"; };
		E2561C8A27D63D0D00EBD365 /* ConversationViewController.swift */ = {isa = PBXFileReference; lastKnownFileType = sourcecode.swift; path = ConversationViewController.swift; sourceTree = "<group>"; };
		E25D36AD27D644D900E6A746 /* Message.swift */ = {isa = PBXFileReference; lastKnownFileType = sourcecode.swift; path = Message.swift; sourceTree = "<group>"; };
		E25D36AF27D66E0C00E6A746 /* Mock.swift */ = {isa = PBXFileReference; lastKnownFileType = sourcecode.swift; path = Mock.swift; sourceTree = "<group>"; };
		E25D36B127D67A4200E6A746 /* MessageCellConfiguration.swift */ = {isa = PBXFileReference; lastKnownFileType = sourcecode.swift; path = MessageCellConfiguration.swift; sourceTree = "<group>"; };
		E25D36B327D67B3900E6A746 /* MessageTableViewCell.swift */ = {isa = PBXFileReference; lastKnownFileType = sourcecode.swift; path = MessageTableViewCell.swift; sourceTree = "<group>"; };
		E25D36B427D67B3900E6A746 /* MessageTableViewCell.xib */ = {isa = PBXFileReference; lastKnownFileType = file.xib; path = MessageTableViewCell.xib; sourceTree = "<group>"; };
		E25D371127DB7C3400E6A746 /* Array+Subscript.swift */ = {isa = PBXFileReference; lastKnownFileType = sourcecode.swift; path = "Array+Subscript.swift"; sourceTree = "<group>"; };
		E25D371427DBBCDB00E6A746 /* SettingsViewController.swift */ = {isa = PBXFileReference; lastKnownFileType = sourcecode.swift; path = SettingsViewController.swift; sourceTree = "<group>"; };
		E25D371627DCBF0700E6A746 /* CustomThemeView.swift */ = {isa = PBXFileReference; lastKnownFileType = sourcecode.swift; path = CustomThemeView.swift; sourceTree = "<group>"; };
		E25D371827DCBF5E00E6A746 /* CustomThemeView.xib */ = {isa = PBXFileReference; lastKnownFileType = file.xib; path = CustomThemeView.xib; sourceTree = "<group>"; };
		E25D371B27DCC00500E6A746 /* Themes.xcassets */ = {isa = PBXFileReference; lastKnownFileType = folder.assetcatalog; path = Themes.xcassets; sourceTree = "<group>"; };
		E25D372327DCD50E00E6A746 /* ThemeProtocol.swift */ = {isa = PBXFileReference; lastKnownFileType = sourcecode.swift; path = ThemeProtocol.swift; sourceTree = "<group>"; };
		E25D372527DCD70300E6A746 /* ClassicTheme.swift */ = {isa = PBXFileReference; lastKnownFileType = sourcecode.swift; path = ClassicTheme.swift; sourceTree = "<group>"; };
		E25D372727DCD71000E6A746 /* DayTheme.swift */ = {isa = PBXFileReference; lastKnownFileType = sourcecode.swift; path = DayTheme.swift; sourceTree = "<group>"; };
		E25D372927DCD71C00E6A746 /* NightTheme.swift */ = {isa = PBXFileReference; lastKnownFileType = sourcecode.swift; path = NightTheme.swift; sourceTree = "<group>"; };
		E25D372B27DCDE0400E6A746 /* ThemePicker.swift */ = {isa = PBXFileReference; lastKnownFileType = sourcecode.swift; path = ThemePicker.swift; sourceTree = "<group>"; };
		E25D373027DE2BA700E6A746 /* UIWindow+reload.swift */ = {isa = PBXFileReference; lastKnownFileType = sourcecode.swift; path = "UIWindow+reload.swift"; sourceTree = "<group>"; };
		FAC70C6727C61143000417F5 /* MyChatApp.app */ = {isa = PBXFileReference; explicitFileType = wrapper.application; includeInIndex = 0; path = MyChatApp.app; sourceTree = BUILT_PRODUCTS_DIR; };
		FAC70C6A27C61143000417F5 /* AppDelegate.swift */ = {isa = PBXFileReference; lastKnownFileType = sourcecode.swift; path = AppDelegate.swift; sourceTree = "<group>"; };
		FAC70C6E27C61143000417F5 /* ProfileViewController.swift */ = {isa = PBXFileReference; lastKnownFileType = sourcecode.swift; path = ProfileViewController.swift; sourceTree = "<group>"; };
		FAC70C7327C61149000417F5 /* Assets.xcassets */ = {isa = PBXFileReference; lastKnownFileType = folder.assetcatalog; path = Assets.xcassets; sourceTree = "<group>"; };
		FAC70C7627C61149000417F5 /* Base */ = {isa = PBXFileReference; lastKnownFileType = file.storyboard; name = Base; path = Base.lproj/LaunchScreen.storyboard; sourceTree = "<group>"; };
		FAC70C7827C61149000417F5 /* Info.plist */ = {isa = PBXFileReference; lastKnownFileType = text.plist.xml; path = Info.plist; sourceTree = "<group>"; };
		FAC70C7E27C63E4C000417F5 /* .gitignore */ = {isa = PBXFileReference; lastKnownFileType = text; path = .gitignore; sourceTree = "<group>"; };
/* End PBXFileReference section */

/* Begin PBXFrameworksBuildPhase section */
		FAC70C6427C61143000417F5 /* Frameworks */ = {
			isa = PBXFrameworksBuildPhase;
			buildActionMask = 2147483647;
			files = (
			);
			runOnlyForDeploymentPostprocessing = 0;
		};
/* End PBXFrameworksBuildPhase section */

/* Begin PBXGroup section */
		E2561C8327D60CDC00EBD365 /* ConversationsListModule */ = {
			isa = PBXGroup;
			children = (
				E2561C8527D60CFE00EBD365 /* Cell */,
				E2561C7327CE62B600EBD365 /* ConversationsListViewController.swift */,
			);
			path = ConversationsListModule;
			sourceTree = "<group>";
		};
		E2561C8427D60CEE00EBD365 /* ProfileModule */ = {
			isa = PBXGroup;
			children = (
				FAC70C6E27C61143000417F5 /* ProfileViewController.swift */,
			);
			path = ProfileModule;
			sourceTree = "<group>";
		};
		E2561C8527D60CFE00EBD365 /* Cell */ = {
			isa = PBXGroup;
			children = (
				E2561C7D27D5EA8F00EBD365 /* ConversationCellConfiguration.swift */,
				E2561C7927D5EA5F00EBD365 /* ConversationTableViewCell.swift */,
				E2561C7A27D5EA5F00EBD365 /* ConversationTableViewCell.xib */,
			);
			path = Cell;
			sourceTree = "<group>";
		};
		E2561C8627D60D0A00EBD365 /* Extensions */ = {
			isa = PBXGroup;
			children = (
				E25D372F27DE2B8E00E6A746 /* UIKit */,
				E2561C7F27D5FE8600EBD365 /* Date+Extensions.swift */,
				E25D371127DB7C3400E6A746 /* Array+Subscript.swift */,
			);
			path = Extensions;
			sourceTree = "<group>";
		};
		E2561C8727D60D6200EBD365 /* Models */ = {
			isa = PBXGroup;
			children = (
				E25D36AF27D66E0C00E6A746 /* Mock.swift */,
				E2561C8827D60DA700EBD365 /* Conversation.swift */,
				E25D36AD27D644D900E6A746 /* Message.swift */,
			);
			path = Models;
			sourceTree = "<group>";
		};
		E2561C8C27D63D1100EBD365 /* ConversationModule */ = {
			isa = PBXGroup;
			children = (
				E25D36AC27D642CE00E6A746 /* Cell */,
				E2561C8A27D63D0D00EBD365 /* ConversationViewController.swift */,
			);
			path = ConversationModule;
			sourceTree = "<group>";
		};
		E25D36AC27D642CE00E6A746 /* Cell */ = {
			isa = PBXGroup;
			children = (
				E25D36B127D67A4200E6A746 /* MessageCellConfiguration.swift */,
				E25D36B327D67B3900E6A746 /* MessageTableViewCell.swift */,
				E25D36B427D67B3900E6A746 /* MessageTableViewCell.xib */,
			);
			path = Cell;
			sourceTree = "<group>";
		};
		E25D371327DBBCA500E6A746 /* SettingsModule */ = {
			isa = PBXGroup;
			children = (
				E25D371427DBBCDB00E6A746 /* SettingsViewController.swift */,
				E25D371627DCBF0700E6A746 /* CustomThemeView.swift */,
				E25D371827DCBF5E00E6A746 /* CustomThemeView.xib */,
			);
			path = SettingsModule;
			sourceTree = "<group>";
		};
		E25D371A27DCBFE200E6A746 /* Resources */ = {
			isa = PBXGroup;
			children = (
				FAC70C7327C61149000417F5 /* Assets.xcassets */,
				E25D371B27DCC00500E6A746 /* Themes.xcassets */,
				E25D372B27DCDE0400E6A746 /* ThemePicker.swift */,
				E25D372327DCD50E00E6A746 /* ThemeProtocol.swift */,
				E25D372527DCD70300E6A746 /* ClassicTheme.swift */,
				E25D372727DCD71000E6A746 /* DayTheme.swift */,
				E25D372927DCD71C00E6A746 /* NightTheme.swift */,
			);
			path = Resources;
			sourceTree = "<group>";
		};
		E25D372F27DE2B8E00E6A746 /* UIKit */ = {
			isa = PBXGroup;
			children = (
				E25D373027DE2BA700E6A746 /* UIWindow+reload.swift */,
			);
			path = UIKit;
			sourceTree = "<group>";
		};
		FAC70C5E27C61143000417F5 = {
			isa = PBXGroup;
			children = (
				FAC70C7E27C63E4C000417F5 /* .gitignore */,
				FAC70C6927C61143000417F5 /* MyChatApp */,
				FAC70C6827C61143000417F5 /* Products */,
			);
			sourceTree = "<group>";
		};
		FAC70C6827C61143000417F5 /* Products */ = {
			isa = PBXGroup;
			children = (
				FAC70C6727C61143000417F5 /* MyChatApp.app */,
			);
			name = Products;
			sourceTree = "<group>";
		};
		FAC70C6927C61143000417F5 /* MyChatApp */ = {
			isa = PBXGroup;
			children = (
				FAC70C6A27C61143000417F5 /* AppDelegate.swift */,
				E25D371A27DCBFE200E6A746 /* Resources */,
				E2561C8327D60CDC00EBD365 /* ConversationsListModule */,
				E2561C8C27D63D1100EBD365 /* ConversationModule */,
				E2561C8427D60CEE00EBD365 /* ProfileModule */,
				E25D371327DBBCA500E6A746 /* SettingsModule */,
				E2561C8727D60D6200EBD365 /* Models */,
				E2561C8627D60D0A00EBD365 /* Extensions */,
				FAC70C7527C61149000417F5 /* LaunchScreen.storyboard */,
				FAC70C7827C61149000417F5 /* Info.plist */,
			);
			path = MyChatApp;
			sourceTree = "<group>";
		};
/* End PBXGroup section */

/* Begin PBXNativeTarget section */
		FAC70C6627C61143000417F5 /* MyChatApp */ = {
			isa = PBXNativeTarget;
			buildConfigurationList = FAC70C7B27C61149000417F5 /* Build configuration list for PBXNativeTarget "MyChatApp" */;
			buildPhases = (
				FAC70C6327C61143000417F5 /* Sources */,
				FAC70C6427C61143000417F5 /* Frameworks */,
				FAC70C6527C61143000417F5 /* Resources */,
			);
			buildRules = (
			);
			dependencies = (
			);
			name = MyChatApp;
			productName = MyChatApp;
			productReference = FAC70C6727C61143000417F5 /* MyChatApp.app */;
			productType = "com.apple.product-type.application";
		};
/* End PBXNativeTarget section */

/* Begin PBXProject section */
		FAC70C5F27C61143000417F5 /* Project object */ = {
			isa = PBXProject;
			attributes = {
				BuildIndependentTargetsInParallel = 1;
				LastSwiftUpdateCheck = 1300;
				LastUpgradeCheck = 1300;
				TargetAttributes = {
					FAC70C6627C61143000417F5 = {
						CreatedOnToolsVersion = 13.0;
					};
				};
			};
			buildConfigurationList = FAC70C6227C61143000417F5 /* Build configuration list for PBXProject "MyChatApp" */;
			compatibilityVersion = "Xcode 13.0";
			developmentRegion = en;
			hasScannedForEncodings = 0;
			knownRegions = (
				en,
				Base,
			);
			mainGroup = FAC70C5E27C61143000417F5;
			productRefGroup = FAC70C6827C61143000417F5 /* Products */;
			projectDirPath = "";
			projectRoot = "";
			targets = (
				FAC70C6627C61143000417F5 /* MyChatApp */,
			);
		};
/* End PBXProject section */

/* Begin PBXResourcesBuildPhase section */
		FAC70C6527C61143000417F5 /* Resources */ = {
			isa = PBXResourcesBuildPhase;
			buildActionMask = 2147483647;
			files = (
				E2561C7C27D5EA6000EBD365 /* ConversationTableViewCell.xib in Resources */,
				E25D371927DCBF5F00E6A746 /* CustomThemeView.xib in Resources */,
				FAC70C7F27C63E4C000417F5 /* .gitignore in Resources */,
				E25D36B627D67B3900E6A746 /* MessageTableViewCell.xib in Resources */,
				FAC70C7727C61149000417F5 /* LaunchScreen.storyboard in Resources */,
				E25D371C27DCC00500E6A746 /* Themes.xcassets in Resources */,
				FAC70C7427C61149000417F5 /* Assets.xcassets in Resources */,
			);
			runOnlyForDeploymentPostprocessing = 0;
		};
/* End PBXResourcesBuildPhase section */

/* Begin PBXSourcesBuildPhase section */
		FAC70C6327C61143000417F5 /* Sources */ = {
			isa = PBXSourcesBuildPhase;
			buildActionMask = 2147483647;
			files = (
				E25D372A27DCD71C00E6A746 /* NightTheme.swift in Sources */,
				E2561C7B27D5EA5F00EBD365 /* ConversationTableViewCell.swift in Sources */,
				E25D36B027D66E0C00E6A746 /* Mock.swift in Sources */,
				E25D371727DCBF0700E6A746 /* CustomThemeView.swift in Sources */,
				E25D372427DCD50E00E6A746 /* ThemeProtocol.swift in Sources */,
				E25D372827DCD71000E6A746 /* DayTheme.swift in Sources */,
				FAC70C6F27C61143000417F5 /* ProfileViewController.swift in Sources */,
				E2561C8B27D63D0D00EBD365 /* ConversationViewController.swift in Sources */,
				E25D36B227D67A4200E6A746 /* MessageCellConfiguration.swift in Sources */,
				E25D36B527D67B3900E6A746 /* MessageTableViewCell.swift in Sources */,
				E25D371227DB7C3400E6A746 /* Array+Subscript.swift in Sources */,
				E25D373127DE2BA700E6A746 /* UIWindow+reload.swift in Sources */,
				E25D36AE27D644D900E6A746 /* Message.swift in Sources */,
				E2561C7427CE62B600EBD365 /* ConversationsListViewController.swift in Sources */,
				E25D372627DCD70300E6A746 /* ClassicTheme.swift in Sources */,
				E25D371527DBBCDB00E6A746 /* SettingsViewController.swift in Sources */,
				E2561C7E27D5EA8F00EBD365 /* ConversationCellConfiguration.swift in Sources */,
				E2561C8927D60DA700EBD365 /* Conversation.swift in Sources */,
				E25D372C27DCDE0500E6A746 /* ThemePicker.swift in Sources */,
				FAC70C6B27C61143000417F5 /* AppDelegate.swift in Sources */,
				E2561C8027D5FE8600EBD365 /* Date+Extensions.swift in Sources */,
			);
			runOnlyForDeploymentPostprocessing = 0;
		};
/* End PBXSourcesBuildPhase section */

/* Begin PBXVariantGroup section */
		FAC70C7527C61149000417F5 /* LaunchScreen.storyboard */ = {
			isa = PBXVariantGroup;
			children = (
				FAC70C7627C61149000417F5 /* Base */,
			);
			name = LaunchScreen.storyboard;
			sourceTree = "<group>";
		};
/* End PBXVariantGroup section */

/* Begin XCBuildConfiguration section */
		FAC70C7927C61149000417F5 /* Debug */ = {
			isa = XCBuildConfiguration;
			buildSettings = {
				ALWAYS_SEARCH_USER_PATHS = NO;
				CLANG_ANALYZER_NONNULL = YES;
				CLANG_ANALYZER_NUMBER_OBJECT_CONVERSION = YES_AGGRESSIVE;
				CLANG_CXX_LANGUAGE_STANDARD = "gnu++17";
				CLANG_CXX_LIBRARY = "libc++";
				CLANG_ENABLE_MODULES = YES;
				CLANG_ENABLE_OBJC_ARC = YES;
				CLANG_ENABLE_OBJC_WEAK = YES;
				CLANG_WARN_BLOCK_CAPTURE_AUTORELEASING = YES;
				CLANG_WARN_BOOL_CONVERSION = YES;
				CLANG_WARN_COMMA = YES;
				CLANG_WARN_CONSTANT_CONVERSION = YES;
				CLANG_WARN_DEPRECATED_OBJC_IMPLEMENTATIONS = YES;
				CLANG_WARN_DIRECT_OBJC_ISA_USAGE = YES_ERROR;
				CLANG_WARN_DOCUMENTATION_COMMENTS = YES;
				CLANG_WARN_EMPTY_BODY = YES;
				CLANG_WARN_ENUM_CONVERSION = YES;
				CLANG_WARN_INFINITE_RECURSION = YES;
				CLANG_WARN_INT_CONVERSION = YES;
				CLANG_WARN_NON_LITERAL_NULL_CONVERSION = YES;
				CLANG_WARN_OBJC_IMPLICIT_RETAIN_SELF = YES;
				CLANG_WARN_OBJC_LITERAL_CONVERSION = YES;
				CLANG_WARN_OBJC_ROOT_CLASS = YES_ERROR;
				CLANG_WARN_QUOTED_INCLUDE_IN_FRAMEWORK_HEADER = YES;
				CLANG_WARN_RANGE_LOOP_ANALYSIS = YES;
				CLANG_WARN_STRICT_PROTOTYPES = YES;
				CLANG_WARN_SUSPICIOUS_MOVE = YES;
				CLANG_WARN_UNGUARDED_AVAILABILITY = YES_AGGRESSIVE;
				CLANG_WARN_UNREACHABLE_CODE = YES;
				CLANG_WARN__DUPLICATE_METHOD_MATCH = YES;
				COPY_PHASE_STRIP = NO;
				DEBUG_INFORMATION_FORMAT = dwarf;
				ENABLE_STRICT_OBJC_MSGSEND = YES;
				ENABLE_TESTABILITY = YES;
				GCC_C_LANGUAGE_STANDARD = gnu11;
				GCC_DYNAMIC_NO_PIC = NO;
				GCC_NO_COMMON_BLOCKS = YES;
				GCC_OPTIMIZATION_LEVEL = 0;
				GCC_PREPROCESSOR_DEFINITIONS = (
					"DEBUG=1",
					"$(inherited)",
				);
				GCC_WARN_64_TO_32_BIT_CONVERSION = YES;
				GCC_WARN_ABOUT_RETURN_TYPE = YES_ERROR;
				GCC_WARN_UNDECLARED_SELECTOR = YES;
				GCC_WARN_UNINITIALIZED_AUTOS = YES_AGGRESSIVE;
				GCC_WARN_UNUSED_FUNCTION = YES;
				GCC_WARN_UNUSED_VARIABLE = YES;
				IPHONEOS_DEPLOYMENT_TARGET = 13.0;
				MTL_ENABLE_DEBUG_INFO = INCLUDE_SOURCE;
				MTL_FAST_MATH = YES;
				ONLY_ACTIVE_ARCH = YES;
				SDKROOT = iphoneos;
				SWIFT_ACTIVE_COMPILATION_CONDITIONS = DEBUG;
				SWIFT_OPTIMIZATION_LEVEL = "-Onone";
			};
			name = Debug;
		};
		FAC70C7A27C61149000417F5 /* Release */ = {
			isa = XCBuildConfiguration;
			buildSettings = {
				ALWAYS_SEARCH_USER_PATHS = NO;
				CLANG_ANALYZER_NONNULL = YES;
				CLANG_ANALYZER_NUMBER_OBJECT_CONVERSION = YES_AGGRESSIVE;
				CLANG_CXX_LANGUAGE_STANDARD = "gnu++17";
				CLANG_CXX_LIBRARY = "libc++";
				CLANG_ENABLE_MODULES = YES;
				CLANG_ENABLE_OBJC_ARC = YES;
				CLANG_ENABLE_OBJC_WEAK = YES;
				CLANG_WARN_BLOCK_CAPTURE_AUTORELEASING = YES;
				CLANG_WARN_BOOL_CONVERSION = YES;
				CLANG_WARN_COMMA = YES;
				CLANG_WARN_CONSTANT_CONVERSION = YES;
				CLANG_WARN_DEPRECATED_OBJC_IMPLEMENTATIONS = YES;
				CLANG_WARN_DIRECT_OBJC_ISA_USAGE = YES_ERROR;
				CLANG_WARN_DOCUMENTATION_COMMENTS = YES;
				CLANG_WARN_EMPTY_BODY = YES;
				CLANG_WARN_ENUM_CONVERSION = YES;
				CLANG_WARN_INFINITE_RECURSION = YES;
				CLANG_WARN_INT_CONVERSION = YES;
				CLANG_WARN_NON_LITERAL_NULL_CONVERSION = YES;
				CLANG_WARN_OBJC_IMPLICIT_RETAIN_SELF = YES;
				CLANG_WARN_OBJC_LITERAL_CONVERSION = YES;
				CLANG_WARN_OBJC_ROOT_CLASS = YES_ERROR;
				CLANG_WARN_QUOTED_INCLUDE_IN_FRAMEWORK_HEADER = YES;
				CLANG_WARN_RANGE_LOOP_ANALYSIS = YES;
				CLANG_WARN_STRICT_PROTOTYPES = YES;
				CLANG_WARN_SUSPICIOUS_MOVE = YES;
				CLANG_WARN_UNGUARDED_AVAILABILITY = YES_AGGRESSIVE;
				CLANG_WARN_UNREACHABLE_CODE = YES;
				CLANG_WARN__DUPLICATE_METHOD_MATCH = YES;
				COPY_PHASE_STRIP = NO;
				DEBUG_INFORMATION_FORMAT = "dwarf-with-dsym";
				ENABLE_NS_ASSERTIONS = NO;
				ENABLE_STRICT_OBJC_MSGSEND = YES;
				GCC_C_LANGUAGE_STANDARD = gnu11;
				GCC_NO_COMMON_BLOCKS = YES;
				GCC_WARN_64_TO_32_BIT_CONVERSION = YES;
				GCC_WARN_ABOUT_RETURN_TYPE = YES_ERROR;
				GCC_WARN_UNDECLARED_SELECTOR = YES;
				GCC_WARN_UNINITIALIZED_AUTOS = YES_AGGRESSIVE;
				GCC_WARN_UNUSED_FUNCTION = YES;
				GCC_WARN_UNUSED_VARIABLE = YES;
				IPHONEOS_DEPLOYMENT_TARGET = 13.0;
				MTL_ENABLE_DEBUG_INFO = NO;
				MTL_FAST_MATH = YES;
				SDKROOT = iphoneos;
				SWIFT_COMPILATION_MODE = wholemodule;
				SWIFT_OPTIMIZATION_LEVEL = "-O";
				VALIDATE_PRODUCT = YES;
			};
			name = Release;
		};
		FAC70C7C27C61149000417F5 /* Debug */ = {
			isa = XCBuildConfiguration;
			buildSettings = {
				ASSETCATALOG_COMPILER_APPICON_NAME = AppIcon;
				ASSETCATALOG_COMPILER_GLOBAL_ACCENT_COLOR_NAME = AccentColor;
				CODE_SIGN_STYLE = Automatic;
				CURRENT_PROJECT_VERSION = 1;
				DEVELOPMENT_TEAM = H2N6P9225K;
				GENERATE_INFOPLIST_FILE = YES;
				INFOPLIST_FILE = MyChatApp/Info.plist;
				INFOPLIST_KEY_NSCameraUsageDescription = "Please allow the app to use camera to take your profile photo";
				INFOPLIST_KEY_NSPhotoLibraryAddUsageDescription = "Please allow the app to get your profile photo from the gallery";
				INFOPLIST_KEY_UIApplicationSupportsIndirectInputEvents = YES;
				INFOPLIST_KEY_UILaunchStoryboardName = LaunchScreen;
				INFOPLIST_KEY_UISupportedInterfaceOrientations = UIInterfaceOrientationPortrait;
				INFOPLIST_KEY_UISupportedInterfaceOrientations_iPad = "UIInterfaceOrientationPortrait UIInterfaceOrientationPortraitUpsideDown UIInterfaceOrientationLandscapeLeft UIInterfaceOrientationLandscapeRight";
				INFOPLIST_KEY_UISupportedInterfaceOrientations_iPhone = UIInterfaceOrientationPortrait;
				INFOPLIST_KEY_UIUserInterfaceStyle = Light;
				IPHONEOS_DEPLOYMENT_TARGET = 13.0;
				LD_RUNPATH_SEARCH_PATHS = (
					"$(inherited)",
					"@executable_path/Frameworks",
				);
				MARKETING_VERSION = 1.0;
				PRODUCT_BUNDLE_IDENTIFIER = com.andrianov.MyChatApp;
				PRODUCT_NAME = "$(TARGET_NAME)";
				SWIFT_EMIT_LOC_STRINGS = YES;
				SWIFT_VERSION = 5.0;
				TARGETED_DEVICE_FAMILY = 1;
			};
			name = Debug;
		};
		FAC70C7D27C61149000417F5 /* Release */ = {
			isa = XCBuildConfiguration;
			buildSettings = {
				ASSETCATALOG_COMPILER_APPICON_NAME = AppIcon;
				ASSETCATALOG_COMPILER_GLOBAL_ACCENT_COLOR_NAME = AccentColor;
				CODE_SIGN_STYLE = Automatic;
				CURRENT_PROJECT_VERSION = 1;
				DEVELOPMENT_TEAM = H2N6P9225K;
				GENERATE_INFOPLIST_FILE = YES;
				INFOPLIST_FILE = MyChatApp/Info.plist;
				INFOPLIST_KEY_NSCameraUsageDescription = "Please allow the app to use camera to take your profile photo";
				INFOPLIST_KEY_NSPhotoLibraryAddUsageDescription = "Please allow the app to get your profile photo from the gallery";
				INFOPLIST_KEY_UIApplicationSupportsIndirectInputEvents = YES;
				INFOPLIST_KEY_UILaunchStoryboardName = LaunchScreen;
				INFOPLIST_KEY_UISupportedInterfaceOrientations = UIInterfaceOrientationPortrait;
				INFOPLIST_KEY_UISupportedInterfaceOrientations_iPad = "UIInterfaceOrientationPortrait UIInterfaceOrientationPortraitUpsideDown UIInterfaceOrientationLandscapeLeft UIInterfaceOrientationLandscapeRight";
				INFOPLIST_KEY_UISupportedInterfaceOrientations_iPhone = UIInterfaceOrientationPortrait;
				INFOPLIST_KEY_UIUserInterfaceStyle = Light;
				IPHONEOS_DEPLOYMENT_TARGET = 13.0;
				LD_RUNPATH_SEARCH_PATHS = (
					"$(inherited)",
					"@executable_path/Frameworks",
				);
				MARKETING_VERSION = 1.0;
				PRODUCT_BUNDLE_IDENTIFIER = com.andrianov.MyChatApp;
				PRODUCT_NAME = "$(TARGET_NAME)";
				SWIFT_EMIT_LOC_STRINGS = YES;
				SWIFT_VERSION = 5.0;
				TARGETED_DEVICE_FAMILY = 1;
			};
			name = Release;
		};
/* End XCBuildConfiguration section */

/* Begin XCConfigurationList section */
		FAC70C6227C61143000417F5 /* Build configuration list for PBXProject "MyChatApp" */ = {
			isa = XCConfigurationList;
			buildConfigurations = (
				FAC70C7927C61149000417F5 /* Debug */,
				FAC70C7A27C61149000417F5 /* Release */,
			);
			defaultConfigurationIsVisible = 0;
			defaultConfigurationName = Release;
		};
		FAC70C7B27C61149000417F5 /* Build configuration list for PBXNativeTarget "MyChatApp" */ = {
			isa = XCConfigurationList;
			buildConfigurations = (
				FAC70C7C27C61149000417F5 /* Debug */,
				FAC70C7D27C61149000417F5 /* Release */,
			);
			defaultConfigurationIsVisible = 0;
			defaultConfigurationName = Release;
		};
/* End XCConfigurationList section */
	};
	rootObject = FAC70C5F27C61143000417F5 /* Project object */;
}
